// !$*UTF8*$!
{
	archiveVersion = 1;
	classes = {
	};
	objectVersion = 52;
	objects = {

/* Begin PBXBuildFile section */
		65516C6F2707AAB500F6D3D4 /* ExceptionHandler.swift in Sources */ = {isa = PBXBuildFile; fileRef = 65516C6E2707AAB500F6D3D4 /* ExceptionHandler.swift */; };
		65516C762707AF8700F6D3D4 /* ComicData.swift in Sources */ = {isa = PBXBuildFile; fileRef = 65516C752707AF8700F6D3D4 /* ComicData.swift */; };
		65516C7A2707B18900F6D3D4 /* CharacterDetailViewController.swift in Sources */ = {isa = PBXBuildFile; fileRef = 65516C782707B18900F6D3D4 /* CharacterDetailViewController.swift */; };
		65516C7B2707B18900F6D3D4 /* CharacterDetailViewController.xib in Resources */ = {isa = PBXBuildFile; fileRef = 65516C792707B18900F6D3D4 /* CharacterDetailViewController.xib */; };
		65516C7D2707B21400F6D3D4 /* CharacterDetailViewModel.swift in Sources */ = {isa = PBXBuildFile; fileRef = 65516C7C2707B21400F6D3D4 /* CharacterDetailViewModel.swift */; };
		65516C812707B4F200F6D3D4 /* ComicSerieCell.swift in Sources */ = {isa = PBXBuildFile; fileRef = 65516C7F2707B4F200F6D3D4 /* ComicSerieCell.swift */; };
		65516C822707B4F200F6D3D4 /* ComicSerieCell.xib in Resources */ = {isa = PBXBuildFile; fileRef = 65516C802707B4F200F6D3D4 /* ComicSerieCell.xib */; };
		65516C842707BD0800F6D3D4 /* SerieData.swift in Sources */ = {isa = PBXBuildFile; fileRef = 65516C832707BD0800F6D3D4 /* SerieData.swift */; };
		65516C882707C82900F6D3D4 /* HeaderSupplementaryView.swift in Sources */ = {isa = PBXBuildFile; fileRef = 65516C862707C82900F6D3D4 /* HeaderSupplementaryView.swift */; };
		65516C892707C82900F6D3D4 /* HeaderSupplementaryView.xib in Resources */ = {isa = PBXBuildFile; fileRef = 65516C872707C82900F6D3D4 /* HeaderSupplementaryView.xib */; };
		65516C8B2707CE7900F6D3D4 /* CharacterDummyService.swift in Sources */ = {isa = PBXBuildFile; fileRef = 65516C8A2707CE7900F6D3D4 /* CharacterDummyService.swift */; };
		65516C8D2707CF2600F6D3D4 /* CharacterServiceUnitTest.swift in Sources */ = {isa = PBXBuildFile; fileRef = 65516C8C2707CF2600F6D3D4 /* CharacterServiceUnitTest.swift */; };
		65516C8F2707CF8000F6D3D4 /* HomeViewModelUnitTest.swift in Sources */ = {isa = PBXBuildFile; fileRef = 65516C8E2707CF8000F6D3D4 /* HomeViewModelUnitTest.swift */; };
		65804D3F2704C35E001C42B3 /* AppDelegate.swift in Sources */ = {isa = PBXBuildFile; fileRef = 65804D3E2704C35E001C42B3 /* AppDelegate.swift */; };
		65804D412704C35E001C42B3 /* SceneDelegate.swift in Sources */ = {isa = PBXBuildFile; fileRef = 65804D402704C35E001C42B3 /* SceneDelegate.swift */; };
		65804D482704C360001C42B3 /* Assets.xcassets in Resources */ = {isa = PBXBuildFile; fileRef = 65804D472704C360001C42B3 /* Assets.xcassets */; };
		65804D4B2704C360001C42B3 /* LaunchScreen.storyboard in Resources */ = {isa = PBXBuildFile; fileRef = 65804D492704C360001C42B3 /* LaunchScreen.storyboard */; };
		65804D7C2704CB76001C42B3 /* HomeViewController.swift in Sources */ = {isa = PBXBuildFile; fileRef = 65804D7A2704CB76001C42B3 /* HomeViewController.swift */; };
		65804D7D2704CB76001C42B3 /* HomeViewController.xib in Resources */ = {isa = PBXBuildFile; fileRef = 65804D7B2704CB76001C42B3 /* HomeViewController.xib */; };
		65D70A312706085400936F9C /* HomeViewModel.swift in Sources */ = {isa = PBXBuildFile; fileRef = 65D70A302706085400936F9C /* HomeViewModel.swift */; };
		65D70A39270608AA00936F9C /* CharacterData.swift in Sources */ = {isa = PBXBuildFile; fileRef = 65D70A38270608AA00936F9C /* CharacterData.swift */; };
		65D70A3F2706090700936F9C /* CharacterService.swift in Sources */ = {isa = PBXBuildFile; fileRef = 65D70A3E2706090700936F9C /* CharacterService.swift */; };
		65D70A472706094D00936F9C /* MarvelApiService.swift in Sources */ = {isa = PBXBuildFile; fileRef = 65D70A462706094D00936F9C /* MarvelApiService.swift */; };
		65D70A4D270610C600936F9C /* Alamofire in Frameworks */ = {isa = PBXBuildFile; productRef = 65D70A4C270610C600936F9C /* Alamofire */; };
		65D70A542706213700936F9C /* CharacterCell.swift in Sources */ = {isa = PBXBuildFile; fileRef = 65D70A522706213700936F9C /* CharacterCell.swift */; };
		65D70A552706213700936F9C /* CharacterCell.xib in Resources */ = {isa = PBXBuildFile; fileRef = 65D70A532706213700936F9C /* CharacterCell.xib */; };
		65F2ACAC2709FF5100D299D4 /* BaseViewController.swift in Sources */ = {isa = PBXBuildFile; fileRef = 65F2ACAB2709FF5100D299D4 /* BaseViewController.swift */; };
		65F2ACAE270A274000D299D4 /* BaseViewModel.swift in Sources */ = {isa = PBXBuildFile; fileRef = 65F2ACAD270A274000D299D4 /* BaseViewModel.swift */; };
		65F2ACB9270BA7F300D299D4 /* Constants.swift in Sources */ = {isa = PBXBuildFile; fileRef = 65F2ACB8270BA7F300D299D4 /* Constants.swift */; };
		73DBB5B92840B63C00E8D5D6 /* SDWebImage in Frameworks */ = {isa = PBXBuildFile; productRef = 73DBB5B82840B63C00E8D5D6 /* SDWebImage */; };
		7E1C36982831A3270044A7FE /* RadioButtonViewController.swift in Sources */ = {isa = PBXBuildFile; fileRef = 7E1C36962831A3270044A7FE /* RadioButtonViewController.swift */; };
		7E1C36992831A3270044A7FE /* RadioButtonViewController.xib in Resources */ = {isa = PBXBuildFile; fileRef = 7E1C36972831A3270044A7FE /* RadioButtonViewController.xib */; };
		7E1C369C2831A42E0044A7FE /* CheckboxViewController.swift in Sources */ = {isa = PBXBuildFile; fileRef = 7E1C369A2831A42D0044A7FE /* CheckboxViewController.swift */; };
		7E1C369D2831A42E0044A7FE /* CheckboxViewController.xib in Resources */ = {isa = PBXBuildFile; fileRef = 7E1C369B2831A42D0044A7FE /* CheckboxViewController.xib */; };
		7E44E7AC2807186E00545E7E /* AppCoordinator.swift in Sources */ = {isa = PBXBuildFile; fileRef = 7E44E7AB2807186E00545E7E /* AppCoordinator.swift */; };
		7E44E7B02807192700545E7E /* Coordinator.swift in Sources */ = {isa = PBXBuildFile; fileRef = 7E44E7AF2807192700545E7E /* Coordinator.swift */; };
		7E44E7B328071B1A00545E7E /* LoginCoordinator.swift in Sources */ = {isa = PBXBuildFile; fileRef = 7E44E7B228071B1A00545E7E /* LoginCoordinator.swift */; };
		7E44E7B728071B8B00545E7E /* LoginViewController.swift in Sources */ = {isa = PBXBuildFile; fileRef = 7E44E7B528071B8B00545E7E /* LoginViewController.swift */; };
		7E44E7B828071B8B00545E7E /* LoginViewController.xib in Resources */ = {isa = PBXBuildFile; fileRef = 7E44E7B628071B8B00545E7E /* LoginViewController.xib */; };
		7E44E7C0280725BB00545E7E /* TabBarViewSettings.swift in Sources */ = {isa = PBXBuildFile; fileRef = 7E44E7BF280725BB00545E7E /* TabBarViewSettings.swift */; };
		7E44E7C22807260700545E7E /* TabCoordinator.swift in Sources */ = {isa = PBXBuildFile; fileRef = 7E44E7C12807260700545E7E /* TabCoordinator.swift */; };
		7E44E7C52807274500545E7E /* UserCoordinator.swift in Sources */ = {isa = PBXBuildFile; fileRef = 7E44E7C42807274500545E7E /* UserCoordinator.swift */; };
		7E44E7C92807278200545E7E /* UserViewController.swift in Sources */ = {isa = PBXBuildFile; fileRef = 7E44E7C72807278200545E7E /* UserViewController.swift */; };
		7E44E7CA2807278200545E7E /* UserViewController.xib in Resources */ = {isa = PBXBuildFile; fileRef = 7E44E7C82807278200545E7E /* UserViewController.xib */; };
		7E44E7CC280727F300545E7E /* UserViewModel.swift in Sources */ = {isa = PBXBuildFile; fileRef = 7E44E7CB280727F300545E7E /* UserViewModel.swift */; };
		7E44E7CE28072B3B00545E7E /* HomeCoordinator.swift in Sources */ = {isa = PBXBuildFile; fileRef = 7E44E7CD28072B3B00545E7E /* HomeCoordinator.swift */; };
		7E539CC328105D55006FC1D3 /* DIHomeContainer.swift in Sources */ = {isa = PBXBuildFile; fileRef = 7E539CC228105D55006FC1D3 /* DIHomeContainer.swift */; };
		7E539CC5281073EC006FC1D3 /* DIUserContainer.swift in Sources */ = {isa = PBXBuildFile; fileRef = 7E539CC4281073EC006FC1D3 /* DIUserContainer.swift */; };
		7E539CC728107429006FC1D3 /* DILoginContainer.swift in Sources */ = {isa = PBXBuildFile; fileRef = 7E539CC628107429006FC1D3 /* DILoginContainer.swift */; };
		7E539CCA281077CA006FC1D3 /* Swinject in Frameworks */ = {isa = PBXBuildFile; productRef = 7E539CC9281077CA006FC1D3 /* Swinject */; };
		7E539CD128117615006FC1D3 /* CharactersMock.json in Resources */ = {isa = PBXBuildFile; fileRef = 7E539CD028117615006FC1D3 /* CharactersMock.json */; };
		7E539CD52811919F006FC1D3 /* ComicsMock.json in Resources */ = {isa = PBXBuildFile; fileRef = 7E539CD42811919F006FC1D3 /* ComicsMock.json */; };
		7E539CD72811A958006FC1D3 /* SeriesMock.json in Resources */ = {isa = PBXBuildFile; fileRef = 7E539CD62811A958006FC1D3 /* SeriesMock.json */; };
		7E539CD92811AA1E006FC1D3 /* CharacterDetailViewModelUnitTest.swift in Sources */ = {isa = PBXBuildFile; fileRef = 7E539CD82811AA1E006FC1D3 /* CharacterDetailViewModelUnitTest.swift */; };
		7E539CDB2811B0C4006FC1D3 /* AppCoordinatorTest.swift in Sources */ = {isa = PBXBuildFile; fileRef = 7E539CDA2811B0C4006FC1D3 /* AppCoordinatorTest.swift */; };
		7E709A26281002FB00763DC2 /* LoginViewModel.swift in Sources */ = {isa = PBXBuildFile; fileRef = 7E709A25281002FB00763DC2 /* LoginViewModel.swift */; };
		7EA05AE5282EFA80003E04B7 /* DesignSystemDemoViewController.swift in Sources */ = {isa = PBXBuildFile; fileRef = 7EA05AE3282EFA80003E04B7 /* DesignSystemDemoViewController.swift */; };
		7EA05AE6282EFA80003E04B7 /* DesignSystemDemoViewController.xib in Resources */ = {isa = PBXBuildFile; fileRef = 7EA05AE4282EFA80003E04B7 /* DesignSystemDemoViewController.xib */; };
		7EA05AE8282EFAEF003E04B7 /* DesignSystemDemoViewModel.swift in Sources */ = {isa = PBXBuildFile; fileRef = 7EA05AE7282EFAEF003E04B7 /* DesignSystemDemoViewModel.swift */; };
		7EA05AEA282EFDD0003E04B7 /* DesignSystemDemoContainer.swift in Sources */ = {isa = PBXBuildFile; fileRef = 7EA05AE9282EFDD0003E04B7 /* DesignSystemDemoContainer.swift */; };
		7EA05AF4282F0EE3003E04B7 /* DanDesignSystem in Frameworks */ = {isa = PBXBuildFile; productRef = 7EA05AF3282F0EE3003E04B7 /* DanDesignSystem */; };
		7EA05AF8282F0F5C003E04B7 /* TypographyViewController.swift in Sources */ = {isa = PBXBuildFile; fileRef = 7EA05AF6282F0F5C003E04B7 /* TypographyViewController.swift */; };
		7EA05AF9282F0F5C003E04B7 /* TypographyViewController.xib in Resources */ = {isa = PBXBuildFile; fileRef = 7EA05AF7282F0F5C003E04B7 /* TypographyViewController.xib */; };
		7EA05AFD282F117F003E04B7 /* ColorsViewController.swift in Sources */ = {isa = PBXBuildFile; fileRef = 7EA05AFB282F117F003E04B7 /* ColorsViewController.swift */; };
		7EA05AFE282F117F003E04B7 /* ColorsViewController.xib in Resources */ = {isa = PBXBuildFile; fileRef = 7EA05AFC282F117F003E04B7 /* ColorsViewController.xib */; };
		7EA05B07282FC41F003E04B7 /* BordersViewController.swift in Sources */ = {isa = PBXBuildFile; fileRef = 7EA05B05282FC41F003E04B7 /* BordersViewController.swift */; };
		7EA05B08282FC41F003E04B7 /* BordersViewController.xib in Resources */ = {isa = PBXBuildFile; fileRef = 7EA05B06282FC41F003E04B7 /* BordersViewController.xib */; };
		7EA05B0B282FC48B003E04B7 /* ShadowsViewController.swift in Sources */ = {isa = PBXBuildFile; fileRef = 7EA05B09282FC48B003E04B7 /* ShadowsViewController.swift */; };
		7EA05B0C282FC48B003E04B7 /* ShadowsViewController.xib in Resources */ = {isa = PBXBuildFile; fileRef = 7EA05B0A282FC48B003E04B7 /* ShadowsViewController.xib */; };
		7EB3B633282EF88D00D69218 /* DesignSystemDemoCoordinator.swift in Sources */ = {isa = PBXBuildFile; fileRef = 7EB3B632282EF88D00D69218 /* DesignSystemDemoCoordinator.swift */; };
		7EF819D9282FCE4E001315CF /* BorderCell.swift in Sources */ = {isa = PBXBuildFile; fileRef = 7EF819D7282FCE4E001315CF /* BorderCell.swift */; };
		7EF819DA282FCE4E001315CF /* BorderCell.xib in Resources */ = {isa = PBXBuildFile; fileRef = 7EF819D8282FCE4E001315CF /* BorderCell.xib */; };
		7EF819DE282FD2A3001315CF /* ShadowCell.swift in Sources */ = {isa = PBXBuildFile; fileRef = 7EF819DC282FD2A3001315CF /* ShadowCell.swift */; };
		7EF819DF282FD2A3001315CF /* ShadowCell.xib in Resources */ = {isa = PBXBuildFile; fileRef = 7EF819DD282FD2A3001315CF /* ShadowCell.xib */; };
		7EF819EF2830F97B001315CF /* DialogsViewController.swift in Sources */ = {isa = PBXBuildFile; fileRef = 7EF819ED2830F97B001315CF /* DialogsViewController.swift */; };
		7EF819F02830F97B001315CF /* DialogsViewController.xib in Resources */ = {isa = PBXBuildFile; fileRef = 7EF819EE2830F97B001315CF /* DialogsViewController.xib */; };
		7EF819F4283105F2001315CF /* ButtonsViewController.swift in Sources */ = {isa = PBXBuildFile; fileRef = 7EF819F2283105F2001315CF /* ButtonsViewController.swift */; };
		7EF819F5283105F2001315CF /* ButtonsViewController.xib in Resources */ = {isa = PBXBuildFile; fileRef = 7EF819F3283105F2001315CF /* ButtonsViewController.xib */; };
		7EF819F828315029001315CF /* ButtonCell.swift in Sources */ = {isa = PBXBuildFile; fileRef = 7EF819F628315029001315CF /* ButtonCell.swift */; };
		7EF819F928315029001315CF /* ButtonCell.xib in Resources */ = {isa = PBXBuildFile; fileRef = 7EF819F728315029001315CF /* ButtonCell.xib */; };
/* End PBXBuildFile section */

/* Begin PBXContainerItemProxy section */
		65804D522704C360001C42B3 /* PBXContainerItemProxy */ = {
			isa = PBXContainerItemProxy;
			containerPortal = 65804D332704C35E001C42B3 /* Project object */;
			proxyType = 1;
			remoteGlobalIDString = 65804D3A2704C35E001C42B3;
			remoteInfo = MarvelCharacters;
		};
/* End PBXContainerItemProxy section */

/* Begin PBXFileReference section */
		65516C6E2707AAB500F6D3D4 /* ExceptionHandler.swift */ = {isa = PBXFileReference; lastKnownFileType = sourcecode.swift; path = ExceptionHandler.swift; sourceTree = "<group>"; };
		65516C752707AF8700F6D3D4 /* ComicData.swift */ = {isa = PBXFileReference; lastKnownFileType = sourcecode.swift; path = ComicData.swift; sourceTree = "<group>"; };
		65516C782707B18900F6D3D4 /* CharacterDetailViewController.swift */ = {isa = PBXFileReference; lastKnownFileType = sourcecode.swift; path = CharacterDetailViewController.swift; sourceTree = "<group>"; };
		65516C792707B18900F6D3D4 /* CharacterDetailViewController.xib */ = {isa = PBXFileReference; lastKnownFileType = file.xib; path = CharacterDetailViewController.xib; sourceTree = "<group>"; };
		65516C7C2707B21400F6D3D4 /* CharacterDetailViewModel.swift */ = {isa = PBXFileReference; lastKnownFileType = sourcecode.swift; path = CharacterDetailViewModel.swift; sourceTree = "<group>"; };
		65516C7F2707B4F200F6D3D4 /* ComicSerieCell.swift */ = {isa = PBXFileReference; lastKnownFileType = sourcecode.swift; path = ComicSerieCell.swift; sourceTree = "<group>"; };
		65516C802707B4F200F6D3D4 /* ComicSerieCell.xib */ = {isa = PBXFileReference; lastKnownFileType = file.xib; path = ComicSerieCell.xib; sourceTree = "<group>"; };
		65516C832707BD0800F6D3D4 /* SerieData.swift */ = {isa = PBXFileReference; lastKnownFileType = sourcecode.swift; path = SerieData.swift; sourceTree = "<group>"; };
		65516C862707C82900F6D3D4 /* HeaderSupplementaryView.swift */ = {isa = PBXFileReference; lastKnownFileType = sourcecode.swift; path = HeaderSupplementaryView.swift; sourceTree = "<group>"; };
		65516C872707C82900F6D3D4 /* HeaderSupplementaryView.xib */ = {isa = PBXFileReference; lastKnownFileType = file.xib; path = HeaderSupplementaryView.xib; sourceTree = "<group>"; };
		65516C8A2707CE7900F6D3D4 /* CharacterDummyService.swift */ = {isa = PBXFileReference; lastKnownFileType = sourcecode.swift; path = CharacterDummyService.swift; sourceTree = "<group>"; };
		65516C8C2707CF2600F6D3D4 /* CharacterServiceUnitTest.swift */ = {isa = PBXFileReference; lastKnownFileType = sourcecode.swift; path = CharacterServiceUnitTest.swift; sourceTree = "<group>"; };
		65516C8E2707CF8000F6D3D4 /* HomeViewModelUnitTest.swift */ = {isa = PBXFileReference; lastKnownFileType = sourcecode.swift; path = HomeViewModelUnitTest.swift; sourceTree = "<group>"; };
		65804D3B2704C35E001C42B3 /* MarvelCharacters.app */ = {isa = PBXFileReference; explicitFileType = wrapper.application; includeInIndex = 0; path = MarvelCharacters.app; sourceTree = BUILT_PRODUCTS_DIR; };
		65804D3E2704C35E001C42B3 /* AppDelegate.swift */ = {isa = PBXFileReference; lastKnownFileType = sourcecode.swift; path = AppDelegate.swift; sourceTree = "<group>"; };
		65804D402704C35E001C42B3 /* SceneDelegate.swift */ = {isa = PBXFileReference; lastKnownFileType = sourcecode.swift; path = SceneDelegate.swift; sourceTree = "<group>"; };
		65804D472704C360001C42B3 /* Assets.xcassets */ = {isa = PBXFileReference; lastKnownFileType = folder.assetcatalog; path = Assets.xcassets; sourceTree = "<group>"; };
		65804D4A2704C360001C42B3 /* Base */ = {isa = PBXFileReference; lastKnownFileType = file.storyboard; name = Base; path = Base.lproj/LaunchScreen.storyboard; sourceTree = "<group>"; };
		65804D4C2704C360001C42B3 /* Info.plist */ = {isa = PBXFileReference; lastKnownFileType = text.plist.xml; path = Info.plist; sourceTree = "<group>"; };
		65804D512704C360001C42B3 /* MarvelCharactersTests.xctest */ = {isa = PBXFileReference; explicitFileType = wrapper.cfbundle; includeInIndex = 0; path = MarvelCharactersTests.xctest; sourceTree = BUILT_PRODUCTS_DIR; };
		65804D572704C360001C42B3 /* Info.plist */ = {isa = PBXFileReference; lastKnownFileType = text.plist.xml; path = Info.plist; sourceTree = "<group>"; };
		65804D7A2704CB76001C42B3 /* HomeViewController.swift */ = {isa = PBXFileReference; lastKnownFileType = sourcecode.swift; path = HomeViewController.swift; sourceTree = "<group>"; };
		65804D7B2704CB76001C42B3 /* HomeViewController.xib */ = {isa = PBXFileReference; lastKnownFileType = file.xib; path = HomeViewController.xib; sourceTree = "<group>"; };
		65D70A302706085400936F9C /* HomeViewModel.swift */ = {isa = PBXFileReference; lastKnownFileType = sourcecode.swift; path = HomeViewModel.swift; sourceTree = "<group>"; };
		65D70A38270608AA00936F9C /* CharacterData.swift */ = {isa = PBXFileReference; lastKnownFileType = sourcecode.swift; path = CharacterData.swift; sourceTree = "<group>"; };
		65D70A3E2706090700936F9C /* CharacterService.swift */ = {isa = PBXFileReference; lastKnownFileType = sourcecode.swift; path = CharacterService.swift; sourceTree = "<group>"; };
		65D70A462706094D00936F9C /* MarvelApiService.swift */ = {isa = PBXFileReference; lastKnownFileType = sourcecode.swift; path = MarvelApiService.swift; sourceTree = "<group>"; };
		65D70A522706213700936F9C /* CharacterCell.swift */ = {isa = PBXFileReference; lastKnownFileType = sourcecode.swift; path = CharacterCell.swift; sourceTree = "<group>"; };
		65D70A532706213700936F9C /* CharacterCell.xib */ = {isa = PBXFileReference; lastKnownFileType = file.xib; path = CharacterCell.xib; sourceTree = "<group>"; };
		65F2ACAB2709FF5100D299D4 /* BaseViewController.swift */ = {isa = PBXFileReference; lastKnownFileType = sourcecode.swift; path = BaseViewController.swift; sourceTree = "<group>"; };
		65F2ACAD270A274000D299D4 /* BaseViewModel.swift */ = {isa = PBXFileReference; lastKnownFileType = sourcecode.swift; path = BaseViewModel.swift; sourceTree = "<group>"; };
		65F2ACB8270BA7F300D299D4 /* Constants.swift */ = {isa = PBXFileReference; lastKnownFileType = sourcecode.swift; path = Constants.swift; sourceTree = "<group>"; };
		7E1C36962831A3270044A7FE /* RadioButtonViewController.swift */ = {isa = PBXFileReference; lastKnownFileType = sourcecode.swift; path = RadioButtonViewController.swift; sourceTree = "<group>"; };
		7E1C36972831A3270044A7FE /* RadioButtonViewController.xib */ = {isa = PBXFileReference; lastKnownFileType = file.xib; path = RadioButtonViewController.xib; sourceTree = "<group>"; };
		7E1C369A2831A42D0044A7FE /* CheckboxViewController.swift */ = {isa = PBXFileReference; lastKnownFileType = sourcecode.swift; path = CheckboxViewController.swift; sourceTree = "<group>"; };
		7E1C369B2831A42D0044A7FE /* CheckboxViewController.xib */ = {isa = PBXFileReference; lastKnownFileType = file.xib; path = CheckboxViewController.xib; sourceTree = "<group>"; };
		7E44E7AB2807186E00545E7E /* AppCoordinator.swift */ = {isa = PBXFileReference; lastKnownFileType = sourcecode.swift; path = AppCoordinator.swift; sourceTree = "<group>"; };
		7E44E7AF2807192700545E7E /* Coordinator.swift */ = {isa = PBXFileReference; lastKnownFileType = sourcecode.swift; path = Coordinator.swift; sourceTree = "<group>"; };
		7E44E7B228071B1A00545E7E /* LoginCoordinator.swift */ = {isa = PBXFileReference; lastKnownFileType = sourcecode.swift; path = LoginCoordinator.swift; sourceTree = "<group>"; };
		7E44E7B528071B8B00545E7E /* LoginViewController.swift */ = {isa = PBXFileReference; lastKnownFileType = sourcecode.swift; path = LoginViewController.swift; sourceTree = "<group>"; };
		7E44E7B628071B8B00545E7E /* LoginViewController.xib */ = {isa = PBXFileReference; lastKnownFileType = file.xib; path = LoginViewController.xib; sourceTree = "<group>"; };
		7E44E7BF280725BB00545E7E /* TabBarViewSettings.swift */ = {isa = PBXFileReference; lastKnownFileType = sourcecode.swift; path = TabBarViewSettings.swift; sourceTree = "<group>"; };
		7E44E7C12807260700545E7E /* TabCoordinator.swift */ = {isa = PBXFileReference; lastKnownFileType = sourcecode.swift; path = TabCoordinator.swift; sourceTree = "<group>"; };
		7E44E7C42807274500545E7E /* UserCoordinator.swift */ = {isa = PBXFileReference; lastKnownFileType = sourcecode.swift; path = UserCoordinator.swift; sourceTree = "<group>"; };
		7E44E7C72807278200545E7E /* UserViewController.swift */ = {isa = PBXFileReference; lastKnownFileType = sourcecode.swift; path = UserViewController.swift; sourceTree = "<group>"; };
		7E44E7C82807278200545E7E /* UserViewController.xib */ = {isa = PBXFileReference; lastKnownFileType = file.xib; path = UserViewController.xib; sourceTree = "<group>"; };
		7E44E7CB280727F300545E7E /* UserViewModel.swift */ = {isa = PBXFileReference; lastKnownFileType = sourcecode.swift; path = UserViewModel.swift; sourceTree = "<group>"; };
		7E44E7CD28072B3B00545E7E /* HomeCoordinator.swift */ = {isa = PBXFileReference; lastKnownFileType = sourcecode.swift; path = HomeCoordinator.swift; sourceTree = "<group>"; };
		7E539CC228105D55006FC1D3 /* DIHomeContainer.swift */ = {isa = PBXFileReference; lastKnownFileType = sourcecode.swift; path = DIHomeContainer.swift; sourceTree = "<group>"; };
		7E539CC4281073EC006FC1D3 /* DIUserContainer.swift */ = {isa = PBXFileReference; lastKnownFileType = sourcecode.swift; path = DIUserContainer.swift; sourceTree = "<group>"; };
		7E539CC628107429006FC1D3 /* DILoginContainer.swift */ = {isa = PBXFileReference; lastKnownFileType = sourcecode.swift; path = DILoginContainer.swift; sourceTree = "<group>"; };
		7E539CD028117615006FC1D3 /* CharactersMock.json */ = {isa = PBXFileReference; fileEncoding = 4; lastKnownFileType = text.json; path = CharactersMock.json; sourceTree = "<group>"; };
		7E539CD42811919F006FC1D3 /* ComicsMock.json */ = {isa = PBXFileReference; fileEncoding = 4; lastKnownFileType = text.json; path = ComicsMock.json; sourceTree = "<group>"; };
		7E539CD62811A958006FC1D3 /* SeriesMock.json */ = {isa = PBXFileReference; fileEncoding = 4; lastKnownFileType = text.json; path = SeriesMock.json; sourceTree = "<group>"; };
		7E539CD82811AA1E006FC1D3 /* CharacterDetailViewModelUnitTest.swift */ = {isa = PBXFileReference; lastKnownFileType = sourcecode.swift; path = CharacterDetailViewModelUnitTest.swift; sourceTree = "<group>"; };
		7E539CDA2811B0C4006FC1D3 /* AppCoordinatorTest.swift */ = {isa = PBXFileReference; lastKnownFileType = sourcecode.swift; path = AppCoordinatorTest.swift; sourceTree = "<group>"; };
		7E709A25281002FB00763DC2 /* LoginViewModel.swift */ = {isa = PBXFileReference; lastKnownFileType = sourcecode.swift; path = LoginViewModel.swift; sourceTree = "<group>"; };
		7EA05AE3282EFA80003E04B7 /* DesignSystemDemoViewController.swift */ = {isa = PBXFileReference; lastKnownFileType = sourcecode.swift; path = DesignSystemDemoViewController.swift; sourceTree = "<group>"; };
		7EA05AE4282EFA80003E04B7 /* DesignSystemDemoViewController.xib */ = {isa = PBXFileReference; lastKnownFileType = file.xib; path = DesignSystemDemoViewController.xib; sourceTree = "<group>"; };
		7EA05AE7282EFAEF003E04B7 /* DesignSystemDemoViewModel.swift */ = {isa = PBXFileReference; lastKnownFileType = sourcecode.swift; path = DesignSystemDemoViewModel.swift; sourceTree = "<group>"; };
		7EA05AE9282EFDD0003E04B7 /* DesignSystemDemoContainer.swift */ = {isa = PBXFileReference; lastKnownFileType = sourcecode.swift; path = DesignSystemDemoContainer.swift; sourceTree = "<group>"; };
		7EA05AF6282F0F5C003E04B7 /* TypographyViewController.swift */ = {isa = PBXFileReference; lastKnownFileType = sourcecode.swift; path = TypographyViewController.swift; sourceTree = "<group>"; };
		7EA05AF7282F0F5C003E04B7 /* TypographyViewController.xib */ = {isa = PBXFileReference; lastKnownFileType = file.xib; path = TypographyViewController.xib; sourceTree = "<group>"; };
		7EA05AFB282F117F003E04B7 /* ColorsViewController.swift */ = {isa = PBXFileReference; lastKnownFileType = sourcecode.swift; path = ColorsViewController.swift; sourceTree = "<group>"; };
		7EA05AFC282F117F003E04B7 /* ColorsViewController.xib */ = {isa = PBXFileReference; lastKnownFileType = file.xib; path = ColorsViewController.xib; sourceTree = "<group>"; };
		7EA05B05282FC41F003E04B7 /* BordersViewController.swift */ = {isa = PBXFileReference; lastKnownFileType = sourcecode.swift; path = BordersViewController.swift; sourceTree = "<group>"; };
		7EA05B06282FC41F003E04B7 /* BordersViewController.xib */ = {isa = PBXFileReference; lastKnownFileType = file.xib; path = BordersViewController.xib; sourceTree = "<group>"; };
		7EA05B09282FC48B003E04B7 /* ShadowsViewController.swift */ = {isa = PBXFileReference; lastKnownFileType = sourcecode.swift; path = ShadowsViewController.swift; sourceTree = "<group>"; };
		7EA05B0A282FC48B003E04B7 /* ShadowsViewController.xib */ = {isa = PBXFileReference; lastKnownFileType = file.xib; path = ShadowsViewController.xib; sourceTree = "<group>"; };
		7EB3B632282EF88D00D69218 /* DesignSystemDemoCoordinator.swift */ = {isa = PBXFileReference; lastKnownFileType = sourcecode.swift; path = DesignSystemDemoCoordinator.swift; sourceTree = "<group>"; };
		7EF819D7282FCE4E001315CF /* BorderCell.swift */ = {isa = PBXFileReference; lastKnownFileType = sourcecode.swift; path = BorderCell.swift; sourceTree = "<group>"; };
		7EF819D8282FCE4E001315CF /* BorderCell.xib */ = {isa = PBXFileReference; lastKnownFileType = file.xib; path = BorderCell.xib; sourceTree = "<group>"; };
		7EF819DC282FD2A3001315CF /* ShadowCell.swift */ = {isa = PBXFileReference; lastKnownFileType = sourcecode.swift; path = ShadowCell.swift; sourceTree = "<group>"; };
		7EF819DD282FD2A3001315CF /* ShadowCell.xib */ = {isa = PBXFileReference; lastKnownFileType = file.xib; path = ShadowCell.xib; sourceTree = "<group>"; };
		7EF819ED2830F97B001315CF /* DialogsViewController.swift */ = {isa = PBXFileReference; lastKnownFileType = sourcecode.swift; path = DialogsViewController.swift; sourceTree = "<group>"; };
		7EF819EE2830F97B001315CF /* DialogsViewController.xib */ = {isa = PBXFileReference; lastKnownFileType = file.xib; path = DialogsViewController.xib; sourceTree = "<group>"; };
		7EF819F2283105F2001315CF /* ButtonsViewController.swift */ = {isa = PBXFileReference; lastKnownFileType = sourcecode.swift; path = ButtonsViewController.swift; sourceTree = "<group>"; };
		7EF819F3283105F2001315CF /* ButtonsViewController.xib */ = {isa = PBXFileReference; lastKnownFileType = file.xib; path = ButtonsViewController.xib; sourceTree = "<group>"; };
		7EF819F628315029001315CF /* ButtonCell.swift */ = {isa = PBXFileReference; lastKnownFileType = sourcecode.swift; path = ButtonCell.swift; sourceTree = "<group>"; };
		7EF819F728315029001315CF /* ButtonCell.xib */ = {isa = PBXFileReference; lastKnownFileType = file.xib; path = ButtonCell.xib; sourceTree = "<group>"; };
/* End PBXFileReference section */

/* Begin PBXFrameworksBuildPhase section */
		65804D382704C35E001C42B3 /* Frameworks */ = {
			isa = PBXFrameworksBuildPhase;
			buildActionMask = 2147483647;
			files = (
				7EA05AF4282F0EE3003E04B7 /* DanDesignSystem in Frameworks */,
				65D70A4D270610C600936F9C /* Alamofire in Frameworks */,
				73DBB5B92840B63C00E8D5D6 /* SDWebImage in Frameworks */,
				7E539CCA281077CA006FC1D3 /* Swinject in Frameworks */,
			);
			runOnlyForDeploymentPostprocessing = 0;
		};
		65804D4E2704C360001C42B3 /* Frameworks */ = {
			isa = PBXFrameworksBuildPhase;
			buildActionMask = 2147483647;
			files = (
			);
			runOnlyForDeploymentPostprocessing = 0;
		};
/* End PBXFrameworksBuildPhase section */

/* Begin PBXGroup section */
		65516C6D2707AA9600F6D3D4 /* Exceptions */ = {
			isa = PBXGroup;
			children = (
				65516C6E2707AAB500F6D3D4 /* ExceptionHandler.swift */,
			);
			path = Exceptions;
			sourceTree = "<group>";
		};
		65516C772707B14400F6D3D4 /* CharacterDetail */ = {
			isa = PBXGroup;
			children = (
				65516C7E2707B44A00F6D3D4 /* Cell */,
				65516C792707B18900F6D3D4 /* CharacterDetailViewController.xib */,
				65516C782707B18900F6D3D4 /* CharacterDetailViewController.swift */,
				65516C7C2707B21400F6D3D4 /* CharacterDetailViewModel.swift */,
			);
			path = CharacterDetail;
			sourceTree = "<group>";
		};
		65516C7E2707B44A00F6D3D4 /* Cell */ = {
			isa = PBXGroup;
			children = (
				65516C852707C7F900F6D3D4 /* header */,
				65516C802707B4F200F6D3D4 /* ComicSerieCell.xib */,
				65516C7F2707B4F200F6D3D4 /* ComicSerieCell.swift */,
			);
			path = Cell;
			sourceTree = "<group>";
		};
		65516C852707C7F900F6D3D4 /* header */ = {
			isa = PBXGroup;
			children = (
				65516C872707C82900F6D3D4 /* HeaderSupplementaryView.xib */,
				65516C862707C82900F6D3D4 /* HeaderSupplementaryView.swift */,
			);
			path = header;
			sourceTree = "<group>";
		};
		6556BE502707D5A400B72CD6 /* Resources */ = {
			isa = PBXGroup;
			children = (
				65804D472704C360001C42B3 /* Assets.xcassets */,
			);
			path = Resources;
			sourceTree = "<group>";
		};
		65804D322704C35E001C42B3 = {
			isa = PBXGroup;
			children = (
				65804D3D2704C35E001C42B3 /* MarvelCharacters */,
				65804D542704C360001C42B3 /* MarvelCharactersTests */,
				65804D3C2704C35E001C42B3 /* Products */,
			);
			sourceTree = "<group>";
		};
		65804D3C2704C35E001C42B3 /* Products */ = {
			isa = PBXGroup;
			children = (
				65804D3B2704C35E001C42B3 /* MarvelCharacters.app */,
				65804D512704C360001C42B3 /* MarvelCharactersTests.xctest */,
			);
			name = Products;
			sourceTree = "<group>";
		};
		65804D3D2704C35E001C42B3 /* MarvelCharacters */ = {
			isa = PBXGroup;
			children = (
				65804D3E2704C35E001C42B3 /* AppDelegate.swift */,
				65804D402704C35E001C42B3 /* SceneDelegate.swift */,
				65804D492704C360001C42B3 /* LaunchScreen.storyboard */,
				65804D4C2704C360001C42B3 /* Info.plist */,
				7E44E7AE2807190700545E7E /* Coordinator */,
				7E44E7B128071AD100545E7E /* LoginScene */,
				7E44E7BE2807257F00545E7E /* TabBarScene */,
				65D70A2F2706081300936F9C /* Model */,
				65D70A3D270608DE00936F9C /* Services */,
				65F2ACBC270C4F7200D299D4 /* BaseStruct */,
				7E539CC128105D2A006FC1D3 /* DI */,
				65F2ACB7270BA7C200D299D4 /* Constants */,
				6556BE502707D5A400B72CD6 /* Resources */,
			);
			path = MarvelCharacters;
			sourceTree = "<group>";
		};
		65804D542704C360001C42B3 /* MarvelCharactersTests */ = {
			isa = PBXGroup;
			children = (
				7E539CD3281187C6006FC1D3 /* Service */,
				65516C8E2707CF8000F6D3D4 /* HomeViewModelUnitTest.swift */,
				7E539CD82811AA1E006FC1D3 /* CharacterDetailViewModelUnitTest.swift */,
				65516C8C2707CF2600F6D3D4 /* CharacterServiceUnitTest.swift */,
				7E539CDA2811B0C4006FC1D3 /* AppCoordinatorTest.swift */,
				65804D572704C360001C42B3 /* Info.plist */,
			);
			path = MarvelCharactersTests;
			sourceTree = "<group>";
		};
		65D70A2D270607EC00936F9C /* HomeScene */ = {
			isa = PBXGroup;
			children = (
				7E44E7CD28072B3B00545E7E /* HomeCoordinator.swift */,
				65D70A2E2706080100936F9C /* Home */,
				65516C772707B14400F6D3D4 /* CharacterDetail */,
			);
			path = HomeScene;
			sourceTree = "<group>";
		};
		65D70A2E2706080100936F9C /* Home */ = {
			isa = PBXGroup;
			children = (
				65D70A512706210800936F9C /* Cell */,
				65804D7B2704CB76001C42B3 /* HomeViewController.xib */,
				65804D7A2704CB76001C42B3 /* HomeViewController.swift */,
				65D70A302706085400936F9C /* HomeViewModel.swift */,
			);
			path = Home;
			sourceTree = "<group>";
		};
		65D70A2F2706081300936F9C /* Model */ = {
			isa = PBXGroup;
			children = (
				65D70A38270608AA00936F9C /* CharacterData.swift */,
				65516C752707AF8700F6D3D4 /* ComicData.swift */,
				65516C832707BD0800F6D3D4 /* SerieData.swift */,
			);
			path = Model;
			sourceTree = "<group>";
		};
		65D70A3D270608DE00936F9C /* Services */ = {
			isa = PBXGroup;
			children = (
				65516C6D2707AA9600F6D3D4 /* Exceptions */,
				65D70A3E2706090700936F9C /* CharacterService.swift */,
				65D70A462706094D00936F9C /* MarvelApiService.swift */,
			);
			path = Services;
			sourceTree = "<group>";
		};
		65D70A512706210800936F9C /* Cell */ = {
			isa = PBXGroup;
			children = (
				65D70A532706213700936F9C /* CharacterCell.xib */,
				65D70A522706213700936F9C /* CharacterCell.swift */,
			);
			path = Cell;
			sourceTree = "<group>";
		};
		65F2ACB7270BA7C200D299D4 /* Constants */ = {
			isa = PBXGroup;
			children = (
				65F2ACB8270BA7F300D299D4 /* Constants.swift */,
			);
			path = Constants;
			sourceTree = "<group>";
		};
		65F2ACBC270C4F7200D299D4 /* BaseStruct */ = {
			isa = PBXGroup;
			children = (
				65F2ACAB2709FF5100D299D4 /* BaseViewController.swift */,
				65F2ACAD270A274000D299D4 /* BaseViewModel.swift */,
			);
			path = BaseStruct;
			sourceTree = "<group>";
		};
		7E1C36942831A2BF0044A7FE /* RadioButton */ = {
			isa = PBXGroup;
			children = (
				7E1C36972831A3270044A7FE /* RadioButtonViewController.xib */,
				7E1C36962831A3270044A7FE /* RadioButtonViewController.swift */,
			);
			path = RadioButton;
			sourceTree = "<group>";
		};
		7E1C36952831A2D00044A7FE /* Checkbox */ = {
			isa = PBXGroup;
			children = (
				7E1C369B2831A42D0044A7FE /* CheckboxViewController.xib */,
				7E1C369A2831A42D0044A7FE /* CheckboxViewController.swift */,
			);
			path = Checkbox;
			sourceTree = "<group>";
		};
		7E44E7AE2807190700545E7E /* Coordinator */ = {
			isa = PBXGroup;
			children = (
				7E44E7AB2807186E00545E7E /* AppCoordinator.swift */,
				7E44E7AF2807192700545E7E /* Coordinator.swift */,
			);
			path = Coordinator;
			sourceTree = "<group>";
		};
		7E44E7B128071AD100545E7E /* LoginScene */ = {
			isa = PBXGroup;
			children = (
				7E44E7B228071B1A00545E7E /* LoginCoordinator.swift */,
				7E44E7B428071B5E00545E7E /* Login */,
			);
			path = LoginScene;
			sourceTree = "<group>";
		};
		7E44E7B428071B5E00545E7E /* Login */ = {
			isa = PBXGroup;
			children = (
				7E44E7B628071B8B00545E7E /* LoginViewController.xib */,
				7E44E7B528071B8B00545E7E /* LoginViewController.swift */,
				7E709A25281002FB00763DC2 /* LoginViewModel.swift */,
			);
			path = Login;
			sourceTree = "<group>";
		};
		7E44E7BE2807257F00545E7E /* TabBarScene */ = {
			isa = PBXGroup;
			children = (
				7E44E7BF280725BB00545E7E /* TabBarViewSettings.swift */,
				7E44E7C12807260700545E7E /* TabCoordinator.swift */,
				65D70A2D270607EC00936F9C /* HomeScene */,
				7E44E7C32807271600545E7E /* UserScene */,
				7EB3B631282EE47300D69218 /* DesignSystemDemoScene */,
			);
			path = TabBarScene;
			sourceTree = "<group>";
		};
		7E44E7C32807271600545E7E /* UserScene */ = {
			isa = PBXGroup;
			children = (
				7E44E7C42807274500545E7E /* UserCoordinator.swift */,
				7E44E7C62807276900545E7E /* User */,
			);
			path = UserScene;
			sourceTree = "<group>";
		};
		7E44E7C62807276900545E7E /* User */ = {
			isa = PBXGroup;
			children = (
				7E44E7C82807278200545E7E /* UserViewController.xib */,
				7E44E7C72807278200545E7E /* UserViewController.swift */,
				7E44E7CB280727F300545E7E /* UserViewModel.swift */,
			);
			path = User;
			sourceTree = "<group>";
		};
		7E539CC128105D2A006FC1D3 /* DI */ = {
			isa = PBXGroup;
			children = (
				7E539CC228105D55006FC1D3 /* DIHomeContainer.swift */,
				7E539CC4281073EC006FC1D3 /* DIUserContainer.swift */,
				7E539CC628107429006FC1D3 /* DILoginContainer.swift */,
				7EA05AE9282EFDD0003E04B7 /* DesignSystemDemoContainer.swift */,
			);
			path = DI;
			sourceTree = "<group>";
		};
		7E539CD3281187C6006FC1D3 /* Service */ = {
			isa = PBXGroup;
			children = (
				7E539CDC2811B1BA006FC1D3 /* Mocks */,
				65516C8A2707CE7900F6D3D4 /* CharacterDummyService.swift */,
			);
			path = Service;
			sourceTree = "<group>";
		};
		7E539CDC2811B1BA006FC1D3 /* Mocks */ = {
			isa = PBXGroup;
			children = (
				7E539CD028117615006FC1D3 /* CharactersMock.json */,
				7E539CD42811919F006FC1D3 /* ComicsMock.json */,
				7E539CD62811A958006FC1D3 /* SeriesMock.json */,
			);
			path = Mocks;
			sourceTree = "<group>";
		};
		7EA05AE2282EFA4C003E04B7 /* DesignSystemDemo */ = {
			isa = PBXGroup;
			children = (
				7EA05AE4282EFA80003E04B7 /* DesignSystemDemoViewController.xib */,
				7EA05AE3282EFA80003E04B7 /* DesignSystemDemoViewController.swift */,
				7EA05AE7282EFAEF003E04B7 /* DesignSystemDemoViewModel.swift */,
				7EA05B04282FC174003E04B7 /* Foundations */,
				7EF819E72830F826001315CF /* Components */,
			);
			path = DesignSystemDemo;
			sourceTree = "<group>";
		};
		7EA05AF5282F0F46003E04B7 /* Typography */ = {
			isa = PBXGroup;
			children = (
				7EA05AF7282F0F5C003E04B7 /* TypographyViewController.xib */,
				7EA05AF6282F0F5C003E04B7 /* TypographyViewController.swift */,
			);
			path = Typography;
			sourceTree = "<group>";
		};
		7EA05AFA282F114D003E04B7 /* Colors */ = {
			isa = PBXGroup;
			children = (
				7EA05AFC282F117F003E04B7 /* ColorsViewController.xib */,
				7EA05AFB282F117F003E04B7 /* ColorsViewController.swift */,
			);
			path = Colors;
			sourceTree = "<group>";
		};
		7EA05B02282FC158003E04B7 /* Borders */ = {
			isa = PBXGroup;
			children = (
				7EF819D6282FCE37001315CF /* Cell */,
				7EA05B06282FC41F003E04B7 /* BordersViewController.xib */,
				7EA05B05282FC41F003E04B7 /* BordersViewController.swift */,
			);
			path = Borders;
			sourceTree = "<group>";
		};
		7EA05B03282FC168003E04B7 /* Shadows */ = {
			isa = PBXGroup;
			children = (
				7EF819DB282FD28C001315CF /* Cell */,
				7EA05B0A282FC48B003E04B7 /* ShadowsViewController.xib */,
				7EA05B09282FC48B003E04B7 /* ShadowsViewController.swift */,
			);
			path = Shadows;
			sourceTree = "<group>";
		};
		7EA05B04282FC174003E04B7 /* Foundations */ = {
			isa = PBXGroup;
			children = (
				7EA05AF5282F0F46003E04B7 /* Typography */,
				7EA05AFA282F114D003E04B7 /* Colors */,
				7EA05B02282FC158003E04B7 /* Borders */,
				7EA05B03282FC168003E04B7 /* Shadows */,
			);
			path = Foundations;
			sourceTree = "<group>";
		};
		7EB3B631282EE47300D69218 /* DesignSystemDemoScene */ = {
			isa = PBXGroup;
			children = (
				7EB3B632282EF88D00D69218 /* DesignSystemDemoCoordinator.swift */,
				7EA05AE2282EFA4C003E04B7 /* DesignSystemDemo */,
			);
			path = DesignSystemDemoScene;
			sourceTree = "<group>";
		};
		7EF819D6282FCE37001315CF /* Cell */ = {
			isa = PBXGroup;
			children = (
				7EF819D8282FCE4E001315CF /* BorderCell.xib */,
				7EF819D7282FCE4E001315CF /* BorderCell.swift */,
			);
			path = Cell;
			sourceTree = "<group>";
		};
		7EF819DB282FD28C001315CF /* Cell */ = {
			isa = PBXGroup;
			children = (
				7EF819DD282FD2A3001315CF /* ShadowCell.xib */,
				7EF819DC282FD2A3001315CF /* ShadowCell.swift */,
			);
			path = Cell;
			sourceTree = "<group>";
		};
		7EF819E72830F826001315CF /* Components */ = {
			isa = PBXGroup;
			children = (
				7EF819F1283105B9001315CF /* Buttons */,
				7EF819E82830F84D001315CF /* Dialogs */,
				7E1C36942831A2BF0044A7FE /* RadioButton */,
				7E1C36952831A2D00044A7FE /* Checkbox */,
			);
			path = Components;
			sourceTree = "<group>";
		};
		7EF819E82830F84D001315CF /* Dialogs */ = {
			isa = PBXGroup;
			children = (
				7EF819EE2830F97B001315CF /* DialogsViewController.xib */,
				7EF819ED2830F97B001315CF /* DialogsViewController.swift */,
			);
			path = Dialogs;
			sourceTree = "<group>";
		};
		7EF819F1283105B9001315CF /* Buttons */ = {
			isa = PBXGroup;
			children = (
				7EF819FA28315031001315CF /* Cell */,
				7EF819F3283105F2001315CF /* ButtonsViewController.xib */,
				7EF819F2283105F2001315CF /* ButtonsViewController.swift */,
			);
			path = Buttons;
			sourceTree = "<group>";
		};
		7EF819FA28315031001315CF /* Cell */ = {
			isa = PBXGroup;
			children = (
				7EF819F728315029001315CF /* ButtonCell.xib */,
				7EF819F628315029001315CF /* ButtonCell.swift */,
			);
			path = Cell;
			sourceTree = "<group>";
		};
/* End PBXGroup section */

/* Begin PBXNativeTarget section */
		65804D3A2704C35E001C42B3 /* MarvelCharacters */ = {
			isa = PBXNativeTarget;
			buildConfigurationList = 65804D652704C360001C42B3 /* Build configuration list for PBXNativeTarget "MarvelCharacters" */;
			buildPhases = (
				65804D372704C35E001C42B3 /* Sources */,
				65804D382704C35E001C42B3 /* Frameworks */,
				65804D392704C35E001C42B3 /* Resources */,
				7E51AC5228129A7000B6DE09 /* Swift Lint */,
			);
			buildRules = (
			);
			dependencies = (
			);
			name = MarvelCharacters;
			packageProductDependencies = (
				65D70A4C270610C600936F9C /* Alamofire */,
				7E539CC9281077CA006FC1D3 /* Swinject */,
				7EA05AF3282F0EE3003E04B7 /* DanDesignSystem */,
				73DBB5B82840B63C00E8D5D6 /* SDWebImage */,
			);
			productName = MarvelCharacters;
			productReference = 65804D3B2704C35E001C42B3 /* MarvelCharacters.app */;
			productType = "com.apple.product-type.application";
		};
		65804D502704C360001C42B3 /* MarvelCharactersTests */ = {
			isa = PBXNativeTarget;
			buildConfigurationList = 65804D682704C360001C42B3 /* Build configuration list for PBXNativeTarget "MarvelCharactersTests" */;
			buildPhases = (
				65804D4D2704C360001C42B3 /* Sources */,
				65804D4E2704C360001C42B3 /* Frameworks */,
				65804D4F2704C360001C42B3 /* Resources */,
			);
			buildRules = (
			);
			dependencies = (
				65804D532704C360001C42B3 /* PBXTargetDependency */,
			);
			name = MarvelCharactersTests;
			productName = MarvelCharactersTests;
			productReference = 65804D512704C360001C42B3 /* MarvelCharactersTests.xctest */;
			productType = "com.apple.product-type.bundle.unit-test";
		};
/* End PBXNativeTarget section */

/* Begin PBXProject section */
		65804D332704C35E001C42B3 /* Project object */ = {
			isa = PBXProject;
			attributes = {
				LastSwiftUpdateCheck = 1230;
				LastUpgradeCheck = 1230;
				TargetAttributes = {
					65804D3A2704C35E001C42B3 = {
						CreatedOnToolsVersion = 12.3;
					};
					65804D502704C360001C42B3 = {
						CreatedOnToolsVersion = 12.3;
						TestTargetID = 65804D3A2704C35E001C42B3;
					};
				};
			};
			buildConfigurationList = 65804D362704C35E001C42B3 /* Build configuration list for PBXProject "MarvelCharacters" */;
			compatibilityVersion = "Xcode 9.3";
			developmentRegion = en;
			hasScannedForEncodings = 0;
			knownRegions = (
				en,
				Base,
			);
			mainGroup = 65804D322704C35E001C42B3;
			packageReferences = (
				65D70A4B270610C600936F9C /* XCRemoteSwiftPackageReference "Alamofire" */,
				7E539CC8281077CA006FC1D3 /* XCRemoteSwiftPackageReference "Swinject" */,
				7EA05AF2282F0EE3003E04B7 /* XCRemoteSwiftPackageReference "DanDesignSystem" */,
				73DBB5B72840B63C00E8D5D6 /* XCRemoteSwiftPackageReference "SDWebImage" */,
			);
			productRefGroup = 65804D3C2704C35E001C42B3 /* Products */;
			projectDirPath = "";
			projectRoot = "";
			targets = (
				65804D3A2704C35E001C42B3 /* MarvelCharacters */,
				65804D502704C360001C42B3 /* MarvelCharactersTests */,
			);
		};
/* End PBXProject section */

/* Begin PBXResourcesBuildPhase section */
		65804D392704C35E001C42B3 /* Resources */ = {
			isa = PBXResourcesBuildPhase;
			buildActionMask = 2147483647;
			files = (
				7E1C369D2831A42E0044A7FE /* CheckboxViewController.xib in Resources */,
				7E1C36992831A3270044A7FE /* RadioButtonViewController.xib in Resources */,
				7EA05AE6282EFA80003E04B7 /* DesignSystemDemoViewController.xib in Resources */,
				7E44E7B828071B8B00545E7E /* LoginViewController.xib in Resources */,
				7EA05AF9282F0F5C003E04B7 /* TypographyViewController.xib in Resources */,
				7EF819DA282FCE4E001315CF /* BorderCell.xib in Resources */,
				7E44E7CA2807278200545E7E /* UserViewController.xib in Resources */,
				7EF819DF282FD2A3001315CF /* ShadowCell.xib in Resources */,
				65516C822707B4F200F6D3D4 /* ComicSerieCell.xib in Resources */,
				65804D4B2704C360001C42B3 /* LaunchScreen.storyboard in Resources */,
				65804D482704C360001C42B3 /* Assets.xcassets in Resources */,
				7EA05B08282FC41F003E04B7 /* BordersViewController.xib in Resources */,
				7EF819F5283105F2001315CF /* ButtonsViewController.xib in Resources */,
				65804D7D2704CB76001C42B3 /* HomeViewController.xib in Resources */,
				7EF819F02830F97B001315CF /* DialogsViewController.xib in Resources */,
				65516C7B2707B18900F6D3D4 /* CharacterDetailViewController.xib in Resources */,
				7EA05B0C282FC48B003E04B7 /* ShadowsViewController.xib in Resources */,
				65516C892707C82900F6D3D4 /* HeaderSupplementaryView.xib in Resources */,
				7EA05AFE282F117F003E04B7 /* ColorsViewController.xib in Resources */,
				7EF819F928315029001315CF /* ButtonCell.xib in Resources */,
				65D70A552706213700936F9C /* CharacterCell.xib in Resources */,
			);
			runOnlyForDeploymentPostprocessing = 0;
		};
		65804D4F2704C360001C42B3 /* Resources */ = {
			isa = PBXResourcesBuildPhase;
			buildActionMask = 2147483647;
			files = (
				7E539CD72811A958006FC1D3 /* SeriesMock.json in Resources */,
				7E539CD128117615006FC1D3 /* CharactersMock.json in Resources */,
				7E539CD52811919F006FC1D3 /* ComicsMock.json in Resources */,
			);
			runOnlyForDeploymentPostprocessing = 0;
		};
/* End PBXResourcesBuildPhase section */

/* Begin PBXShellScriptBuildPhase section */
		7E51AC5228129A7000B6DE09 /* Swift Lint */ = {
			isa = PBXShellScriptBuildPhase;
			buildActionMask = 2147483647;
			files = (
			);
			inputFileListPaths = (
			);
			inputPaths = (
			);
			name = "Swift Lint";
			outputFileListPaths = (
			);
			outputPaths = (
			);
			runOnlyForDeploymentPostprocessing = 0;
			shellPath = /bin/sh;
			shellScript = "if which swiftlint >/dev/null; then\n    swiftlint\nelse\n    echo \"warning: SwiftLint not installed, download from https://github.com/realm/SwiftLint\"\nfi\n";
		};
/* End PBXShellScriptBuildPhase section */

/* Begin PBXSourcesBuildPhase section */
		65804D372704C35E001C42B3 /* Sources */ = {
			isa = PBXSourcesBuildPhase;
			buildActionMask = 2147483647;
			files = (
				7E44E7B728071B8B00545E7E /* LoginViewController.swift in Sources */,
				7EA05AF8282F0F5C003E04B7 /* TypographyViewController.swift in Sources */,
				7EA05B0B282FC48B003E04B7 /* ShadowsViewController.swift in Sources */,
				65804D3F2704C35E001C42B3 /* AppDelegate.swift in Sources */,
				7E44E7CE28072B3B00545E7E /* HomeCoordinator.swift in Sources */,
				65804D412704C35E001C42B3 /* SceneDelegate.swift in Sources */,
				65516C762707AF8700F6D3D4 /* ComicData.swift in Sources */,
				7EA05B07282FC41F003E04B7 /* BordersViewController.swift in Sources */,
				7E44E7B328071B1A00545E7E /* LoginCoordinator.swift in Sources */,
				65D70A39270608AA00936F9C /* CharacterData.swift in Sources */,
				7E1C36982831A3270044A7FE /* RadioButtonViewController.swift in Sources */,
				65F2ACAC2709FF5100D299D4 /* BaseViewController.swift in Sources */,
				7EF819EF2830F97B001315CF /* DialogsViewController.swift in Sources */,
				65F2ACB9270BA7F300D299D4 /* Constants.swift in Sources */,
				7E44E7C22807260700545E7E /* TabCoordinator.swift in Sources */,
				65D70A542706213700936F9C /* CharacterCell.swift in Sources */,
				7EF819D9282FCE4E001315CF /* BorderCell.swift in Sources */,
				65516C812707B4F200F6D3D4 /* ComicSerieCell.swift in Sources */,
				65D70A3F2706090700936F9C /* CharacterService.swift in Sources */,
				65516C7D2707B21400F6D3D4 /* CharacterDetailViewModel.swift in Sources */,
				7E44E7AC2807186E00545E7E /* AppCoordinator.swift in Sources */,
				7E44E7C92807278200545E7E /* UserViewController.swift in Sources */,
				65516C6F2707AAB500F6D3D4 /* ExceptionHandler.swift in Sources */,
				65516C882707C82900F6D3D4 /* HeaderSupplementaryView.swift in Sources */,
				7E1C369C2831A42E0044A7FE /* CheckboxViewController.swift in Sources */,
				65516C7A2707B18900F6D3D4 /* CharacterDetailViewController.swift in Sources */,
				7E709A26281002FB00763DC2 /* LoginViewModel.swift in Sources */,
				7EF819F828315029001315CF /* ButtonCell.swift in Sources */,
				7E539CC728107429006FC1D3 /* DILoginContainer.swift in Sources */,
				7EF819DE282FD2A3001315CF /* ShadowCell.swift in Sources */,
				7E44E7CC280727F300545E7E /* UserViewModel.swift in Sources */,
				65804D7C2704CB76001C42B3 /* HomeViewController.swift in Sources */,
				7EB3B633282EF88D00D69218 /* DesignSystemDemoCoordinator.swift in Sources */,
				7E44E7C52807274500545E7E /* UserCoordinator.swift in Sources */,
				7EA05AE5282EFA80003E04B7 /* DesignSystemDemoViewController.swift in Sources */,
				7EA05AFD282F117F003E04B7 /* ColorsViewController.swift in Sources */,
				7EF819F4283105F2001315CF /* ButtonsViewController.swift in Sources */,
				65516C842707BD0800F6D3D4 /* SerieData.swift in Sources */,
				65D70A472706094D00936F9C /* MarvelApiService.swift in Sources */,
				65F2ACAE270A274000D299D4 /* BaseViewModel.swift in Sources */,
				7EA05AEA282EFDD0003E04B7 /* DesignSystemDemoContainer.swift in Sources */,
				7E539CC5281073EC006FC1D3 /* DIUserContainer.swift in Sources */,
				7E539CC328105D55006FC1D3 /* DIHomeContainer.swift in Sources */,
				7E44E7B02807192700545E7E /* Coordinator.swift in Sources */,
				7E44E7C0280725BB00545E7E /* TabBarViewSettings.swift in Sources */,
				7EA05AE8282EFAEF003E04B7 /* DesignSystemDemoViewModel.swift in Sources */,
				65D70A312706085400936F9C /* HomeViewModel.swift in Sources */,
			);
			runOnlyForDeploymentPostprocessing = 0;
		};
		65804D4D2704C360001C42B3 /* Sources */ = {
			isa = PBXSourcesBuildPhase;
			buildActionMask = 2147483647;
			files = (
				65516C8B2707CE7900F6D3D4 /* CharacterDummyService.swift in Sources */,
				7E539CD92811AA1E006FC1D3 /* CharacterDetailViewModelUnitTest.swift in Sources */,
				7E539CDB2811B0C4006FC1D3 /* AppCoordinatorTest.swift in Sources */,
				65516C8D2707CF2600F6D3D4 /* CharacterServiceUnitTest.swift in Sources */,
				65516C8F2707CF8000F6D3D4 /* HomeViewModelUnitTest.swift in Sources */,
			);
			runOnlyForDeploymentPostprocessing = 0;
		};
/* End PBXSourcesBuildPhase section */

/* Begin PBXTargetDependency section */
		65804D532704C360001C42B3 /* PBXTargetDependency */ = {
			isa = PBXTargetDependency;
			target = 65804D3A2704C35E001C42B3 /* MarvelCharacters */;
			targetProxy = 65804D522704C360001C42B3 /* PBXContainerItemProxy */;
		};
/* End PBXTargetDependency section */

/* Begin PBXVariantGroup section */
		65804D492704C360001C42B3 /* LaunchScreen.storyboard */ = {
			isa = PBXVariantGroup;
			children = (
				65804D4A2704C360001C42B3 /* Base */,
			);
			name = LaunchScreen.storyboard;
			sourceTree = "<group>";
		};
/* End PBXVariantGroup section */

/* Begin XCBuildConfiguration section */
		65804D632704C360001C42B3 /* Debug */ = {
			isa = XCBuildConfiguration;
			buildSettings = {
				ALWAYS_SEARCH_USER_PATHS = NO;
				CLANG_ANALYZER_NONNULL = YES;
				CLANG_ANALYZER_NUMBER_OBJECT_CONVERSION = YES_AGGRESSIVE;
				CLANG_CXX_LANGUAGE_STANDARD = "gnu++14";
				CLANG_CXX_LIBRARY = "libc++";
				CLANG_ENABLE_MODULES = YES;
				CLANG_ENABLE_OBJC_ARC = YES;
				CLANG_ENABLE_OBJC_WEAK = YES;
				CLANG_WARN_BLOCK_CAPTURE_AUTORELEASING = YES;
				CLANG_WARN_BOOL_CONVERSION = YES;
				CLANG_WARN_COMMA = YES;
				CLANG_WARN_CONSTANT_CONVERSION = YES;
				CLANG_WARN_DEPRECATED_OBJC_IMPLEMENTATIONS = YES;
				CLANG_WARN_DIRECT_OBJC_ISA_USAGE = YES_ERROR;
				CLANG_WARN_DOCUMENTATION_COMMENTS = YES;
				CLANG_WARN_EMPTY_BODY = YES;
				CLANG_WARN_ENUM_CONVERSION = YES;
				CLANG_WARN_INFINITE_RECURSION = YES;
				CLANG_WARN_INT_CONVERSION = YES;
				CLANG_WARN_NON_LITERAL_NULL_CONVERSION = YES;
				CLANG_WARN_OBJC_IMPLICIT_RETAIN_SELF = YES;
				CLANG_WARN_OBJC_LITERAL_CONVERSION = YES;
				CLANG_WARN_OBJC_ROOT_CLASS = YES_ERROR;
				CLANG_WARN_QUOTED_INCLUDE_IN_FRAMEWORK_HEADER = YES;
				CLANG_WARN_RANGE_LOOP_ANALYSIS = YES;
				CLANG_WARN_STRICT_PROTOTYPES = YES;
				CLANG_WARN_SUSPICIOUS_MOVE = YES;
				CLANG_WARN_UNGUARDED_AVAILABILITY = YES_AGGRESSIVE;
				CLANG_WARN_UNREACHABLE_CODE = YES;
				CLANG_WARN__DUPLICATE_METHOD_MATCH = YES;
				COPY_PHASE_STRIP = NO;
				DEBUG_INFORMATION_FORMAT = dwarf;
				ENABLE_STRICT_OBJC_MSGSEND = YES;
				ENABLE_TESTABILITY = YES;
				GCC_C_LANGUAGE_STANDARD = gnu11;
				GCC_DYNAMIC_NO_PIC = NO;
				GCC_NO_COMMON_BLOCKS = YES;
				GCC_OPTIMIZATION_LEVEL = 0;
				GCC_PREPROCESSOR_DEFINITIONS = (
					"DEBUG=1",
					"$(inherited)",
				);
				GCC_WARN_64_TO_32_BIT_CONVERSION = YES;
				GCC_WARN_ABOUT_RETURN_TYPE = YES_ERROR;
				GCC_WARN_UNDECLARED_SELECTOR = YES;
				GCC_WARN_UNINITIALIZED_AUTOS = YES_AGGRESSIVE;
				GCC_WARN_UNUSED_FUNCTION = YES;
				GCC_WARN_UNUSED_VARIABLE = YES;
				IPHONEOS_DEPLOYMENT_TARGET = 14.3;
				MTL_ENABLE_DEBUG_INFO = INCLUDE_SOURCE;
				MTL_FAST_MATH = YES;
				ONLY_ACTIVE_ARCH = YES;
				SDKROOT = iphoneos;
				SWIFT_ACTIVE_COMPILATION_CONDITIONS = DEBUG;
				SWIFT_OPTIMIZATION_LEVEL = "-Onone";
			};
			name = Debug;
		};
		65804D642704C360001C42B3 /* Release */ = {
			isa = XCBuildConfiguration;
			buildSettings = {
				ALWAYS_SEARCH_USER_PATHS = NO;
				CLANG_ANALYZER_NONNULL = YES;
				CLANG_ANALYZER_NUMBER_OBJECT_CONVERSION = YES_AGGRESSIVE;
				CLANG_CXX_LANGUAGE_STANDARD = "gnu++14";
				CLANG_CXX_LIBRARY = "libc++";
				CLANG_ENABLE_MODULES = YES;
				CLANG_ENABLE_OBJC_ARC = YES;
				CLANG_ENABLE_OBJC_WEAK = YES;
				CLANG_WARN_BLOCK_CAPTURE_AUTORELEASING = YES;
				CLANG_WARN_BOOL_CONVERSION = YES;
				CLANG_WARN_COMMA = YES;
				CLANG_WARN_CONSTANT_CONVERSION = YES;
				CLANG_WARN_DEPRECATED_OBJC_IMPLEMENTATIONS = YES;
				CLANG_WARN_DIRECT_OBJC_ISA_USAGE = YES_ERROR;
				CLANG_WARN_DOCUMENTATION_COMMENTS = YES;
				CLANG_WARN_EMPTY_BODY = YES;
				CLANG_WARN_ENUM_CONVERSION = YES;
				CLANG_WARN_INFINITE_RECURSION = YES;
				CLANG_WARN_INT_CONVERSION = YES;
				CLANG_WARN_NON_LITERAL_NULL_CONVERSION = YES;
				CLANG_WARN_OBJC_IMPLICIT_RETAIN_SELF = YES;
				CLANG_WARN_OBJC_LITERAL_CONVERSION = YES;
				CLANG_WARN_OBJC_ROOT_CLASS = YES_ERROR;
				CLANG_WARN_QUOTED_INCLUDE_IN_FRAMEWORK_HEADER = YES;
				CLANG_WARN_RANGE_LOOP_ANALYSIS = YES;
				CLANG_WARN_STRICT_PROTOTYPES = YES;
				CLANG_WARN_SUSPICIOUS_MOVE = YES;
				CLANG_WARN_UNGUARDED_AVAILABILITY = YES_AGGRESSIVE;
				CLANG_WARN_UNREACHABLE_CODE = YES;
				CLANG_WARN__DUPLICATE_METHOD_MATCH = YES;
				COPY_PHASE_STRIP = NO;
				DEBUG_INFORMATION_FORMAT = "dwarf-with-dsym";
				ENABLE_NS_ASSERTIONS = NO;
				ENABLE_STRICT_OBJC_MSGSEND = YES;
				GCC_C_LANGUAGE_STANDARD = gnu11;
				GCC_NO_COMMON_BLOCKS = YES;
				GCC_WARN_64_TO_32_BIT_CONVERSION = YES;
				GCC_WARN_ABOUT_RETURN_TYPE = YES_ERROR;
				GCC_WARN_UNDECLARED_SELECTOR = YES;
				GCC_WARN_UNINITIALIZED_AUTOS = YES_AGGRESSIVE;
				GCC_WARN_UNUSED_FUNCTION = YES;
				GCC_WARN_UNUSED_VARIABLE = YES;
				IPHONEOS_DEPLOYMENT_TARGET = 14.3;
				MTL_ENABLE_DEBUG_INFO = NO;
				MTL_FAST_MATH = YES;
				SDKROOT = iphoneos;
				SWIFT_COMPILATION_MODE = wholemodule;
				SWIFT_OPTIMIZATION_LEVEL = "-O";
				VALIDATE_PRODUCT = YES;
			};
			name = Release;
		};
		65804D662704C360001C42B3 /* Debug */ = {
			isa = XCBuildConfiguration;
			buildSettings = {
				ASSETCATALOG_COMPILER_APPICON_NAME = AppIcon;
				ASSETCATALOG_COMPILER_GLOBAL_ACCENT_COLOR_NAME = AccentColor;
				CODE_SIGN_STYLE = Automatic;
				DEVELOPMENT_TEAM = NH2XD7RQWV;
				INFOPLIST_FILE = MarvelCharacters/Info.plist;
				LD_RUNPATH_SEARCH_PATHS = (
					"$(inherited)",
					"@executable_path/Frameworks",
				);
				PRODUCT_BUNDLE_IDENTIFIER = es.dan.MarvelCharacters;
				PRODUCT_NAME = "$(TARGET_NAME)";
				SWIFT_VERSION = 5.0;
				TARGETED_DEVICE_FAMILY = "1,2";
			};
			name = Debug;
		};
		65804D672704C360001C42B3 /* Release */ = {
			isa = XCBuildConfiguration;
			buildSettings = {
				ASSETCATALOG_COMPILER_APPICON_NAME = AppIcon;
				ASSETCATALOG_COMPILER_GLOBAL_ACCENT_COLOR_NAME = AccentColor;
				CODE_SIGN_STYLE = Automatic;
				DEVELOPMENT_TEAM = NH2XD7RQWV;
				INFOPLIST_FILE = MarvelCharacters/Info.plist;
				LD_RUNPATH_SEARCH_PATHS = (
					"$(inherited)",
					"@executable_path/Frameworks",
				);
				PRODUCT_BUNDLE_IDENTIFIER = es.dan.MarvelCharacters;
				PRODUCT_NAME = "$(TARGET_NAME)";
				SWIFT_VERSION = 5.0;
				TARGETED_DEVICE_FAMILY = "1,2";
			};
			name = Release;
		};
		65804D692704C360001C42B3 /* Debug */ = {
			isa = XCBuildConfiguration;
			buildSettings = {
				ALWAYS_EMBED_SWIFT_STANDARD_LIBRARIES = YES;
				BUNDLE_LOADER = "$(TEST_HOST)";
				CODE_SIGN_STYLE = Automatic;
				DEVELOPMENT_TEAM = NH2XD7RQWV;
				INFOPLIST_FILE = MarvelCharactersTests/Info.plist;
				IPHONEOS_DEPLOYMENT_TARGET = 14.3;
				LD_RUNPATH_SEARCH_PATHS = (
					"$(inherited)",
					"@executable_path/Frameworks",
					"@loader_path/Frameworks",
				);
				PRODUCT_BUNDLE_IDENTIFIER = es.dan.MarvelCharactersTests;
				PRODUCT_NAME = "$(TARGET_NAME)";
				SWIFT_VERSION = 5.0;
				TARGETED_DEVICE_FAMILY = "1,2";
				TEST_HOST = "$(BUILT_PRODUCTS_DIR)/MarvelCharacters.app/MarvelCharacters";
			};
			name = Debug;
		};
		65804D6A2704C360001C42B3 /* Release */ = {
			isa = XCBuildConfiguration;
			buildSettings = {
				ALWAYS_EMBED_SWIFT_STANDARD_LIBRARIES = YES;
				BUNDLE_LOADER = "$(TEST_HOST)";
				CODE_SIGN_STYLE = Automatic;
				DEVELOPMENT_TEAM = NH2XD7RQWV;
				INFOPLIST_FILE = MarvelCharactersTests/Info.plist;
				IPHONEOS_DEPLOYMENT_TARGET = 14.3;
				LD_RUNPATH_SEARCH_PATHS = (
					"$(inherited)",
					"@executable_path/Frameworks",
					"@loader_path/Frameworks",
				);
				PRODUCT_BUNDLE_IDENTIFIER = es.dan.MarvelCharactersTests;
				PRODUCT_NAME = "$(TARGET_NAME)";
				SWIFT_VERSION = 5.0;
				TARGETED_DEVICE_FAMILY = "1,2";
				TEST_HOST = "$(BUILT_PRODUCTS_DIR)/MarvelCharacters.app/MarvelCharacters";
			};
			name = Release;
		};
/* End XCBuildConfiguration section */

/* Begin XCConfigurationList section */
		65804D362704C35E001C42B3 /* Build configuration list for PBXProject "MarvelCharacters" */ = {
			isa = XCConfigurationList;
			buildConfigurations = (
				65804D632704C360001C42B3 /* Debug */,
				65804D642704C360001C42B3 /* Release */,
			);
			defaultConfigurationIsVisible = 0;
			defaultConfigurationName = Release;
		};
		65804D652704C360001C42B3 /* Build configuration list for PBXNativeTarget "MarvelCharacters" */ = {
			isa = XCConfigurationList;
			buildConfigurations = (
				65804D662704C360001C42B3 /* Debug */,
				65804D672704C360001C42B3 /* Release */,
			);
			defaultConfigurationIsVisible = 0;
			defaultConfigurationName = Release;
		};
		65804D682704C360001C42B3 /* Build configuration list for PBXNativeTarget "MarvelCharactersTests" */ = {
			isa = XCConfigurationList;
			buildConfigurations = (
				65804D692704C360001C42B3 /* Debug */,
				65804D6A2704C360001C42B3 /* Release */,
			);
			defaultConfigurationIsVisible = 0;
			defaultConfigurationName = Release;
		};
/* End XCConfigurationList section */

/* Begin XCRemoteSwiftPackageReference section */
		65D70A4B270610C600936F9C /* XCRemoteSwiftPackageReference "Alamofire" */ = {
			isa = XCRemoteSwiftPackageReference;
			repositoryURL = "https://github.com/Alamofire/Alamofire.git";
			requirement = {
				kind = exactVersion;
				version = 5.4.4;
			};
		};
		73DBB5B72840B63C00E8D5D6 /* XCRemoteSwiftPackageReference "SDWebImage" */ = {
			isa = XCRemoteSwiftPackageReference;
			repositoryURL = "https://github.com/SDWebImage/SDWebImage.git";
			requirement = {
				kind = exactVersion;
				version = 5.12.5;
			};
		};
		7E539CC8281077CA006FC1D3 /* XCRemoteSwiftPackageReference "Swinject" */ = {
			isa = XCRemoteSwiftPackageReference;
			repositoryURL = "https://github.com/Swinject/Swinject.git";
			requirement = {
				kind = exactVersion;
				version = 2.8.1;
			};
		};
		7EA05AF2282F0EE3003E04B7 /* XCRemoteSwiftPackageReference "DanDesignSystem" */ = {
			isa = XCRemoteSwiftPackageReference;
			repositoryURL = "https://github.com/DanDeveloperSpain/DanDesignSystem";
			requirement = {
				kind = exactVersion;
				version = 2.2.4;
			};
		};
/* End XCRemoteSwiftPackageReference section */

/* Begin XCSwiftPackageProductDependency section */
		65D70A4C270610C600936F9C /* Alamofire */ = {
			isa = XCSwiftPackageProductDependency;
			package = 65D70A4B270610C600936F9C /* XCRemoteSwiftPackageReference "Alamofire" */;
			productName = Alamofire;
		};
		73DBB5B82840B63C00E8D5D6 /* SDWebImage */ = {
			isa = XCSwiftPackageProductDependency;
			package = 73DBB5B72840B63C00E8D5D6 /* XCRemoteSwiftPackageReference "SDWebImage" */;
			productName = SDWebImage;
		};
		7E539CC9281077CA006FC1D3 /* Swinject */ = {
			isa = XCSwiftPackageProductDependency;
			package = 7E539CC8281077CA006FC1D3 /* XCRemoteSwiftPackageReference "Swinject" */;
			productName = Swinject;
		};
		7EA05AF3282F0EE3003E04B7 /* DanDesignSystem */ = {
			isa = XCSwiftPackageProductDependency;
			package = 7EA05AF2282F0EE3003E04B7 /* XCRemoteSwiftPackageReference "DanDesignSystem" */;
			productName = DanDesignSystem;
		};
/* End XCSwiftPackageProductDependency section */
	};
	rootObject = 65804D332704C35E001C42B3 /* Project object */;
}
