// !$*UTF8*$!
{
	archiveVersion = 1;
	classes = {
	};
	objectVersion = 52;
	objects = {

/* Begin PBXBuildFile section */
		65804D3F2704C35E001C42B3 /* AppDelegate.swift in Sources */ = {isa = PBXBuildFile; fileRef = 65804D3E2704C35E001C42B3 /* AppDelegate.swift */; };
		65804D412704C35E001C42B3 /* SceneDelegate.swift in Sources */ = {isa = PBXBuildFile; fileRef = 65804D402704C35E001C42B3 /* SceneDelegate.swift */; };
		65804D482704C360001C42B3 /* Assets.xcassets in Resources */ = {isa = PBXBuildFile; fileRef = 65804D472704C360001C42B3 /* Assets.xcassets */; };
		65804D4B2704C360001C42B3 /* LaunchScreen.storyboard in Resources */ = {isa = PBXBuildFile; fileRef = 65804D492704C360001C42B3 /* LaunchScreen.storyboard */; };
		65804D562704C360001C42B3 /* MarvelCharactersTests.swift in Sources */ = {isa = PBXBuildFile; fileRef = 65804D552704C360001C42B3 /* MarvelCharactersTests.swift */; };
		65804D7C2704CB76001C42B3 /* HomeViewController.swift in Sources */ = {isa = PBXBuildFile; fileRef = 65804D7A2704CB76001C42B3 /* HomeViewController.swift */; };
		65804D7D2704CB76001C42B3 /* HomeViewController.xib in Resources */ = {isa = PBXBuildFile; fileRef = 65804D7B2704CB76001C42B3 /* HomeViewController.xib */; };
		65D70A312706085400936F9C /* HomeViewModel.swift in Sources */ = {isa = PBXBuildFile; fileRef = 65D70A302706085400936F9C /* HomeViewModel.swift */; };
		65D70A39270608AA00936F9C /* CharacterData.swift in Sources */ = {isa = PBXBuildFile; fileRef = 65D70A38270608AA00936F9C /* CharacterData.swift */; };
		65D70A3F2706090700936F9C /* CharacterService.swift in Sources */ = {isa = PBXBuildFile; fileRef = 65D70A3E2706090700936F9C /* CharacterService.swift */; };
		65D70A472706094D00936F9C /* MarvelApiService.swift in Sources */ = {isa = PBXBuildFile; fileRef = 65D70A462706094D00936F9C /* MarvelApiService.swift */; };
		65D70A4D270610C600936F9C /* Alamofire in Frameworks */ = {isa = PBXBuildFile; productRef = 65D70A4C270610C600936F9C /* Alamofire */; };
		65D70A542706213700936F9C /* CharacterCell.swift in Sources */ = {isa = PBXBuildFile; fileRef = 65D70A522706213700936F9C /* CharacterCell.swift */; };
		65D70A552706213700936F9C /* CharacterCell.xib in Resources */ = {isa = PBXBuildFile; fileRef = 65D70A532706213700936F9C /* CharacterCell.xib */; };
		65D70A6127063C0400936F9C /* Kingfisher in Frameworks */ = {isa = PBXBuildFile; productRef = 65D70A6027063C0400936F9C /* Kingfisher */; };
/* End PBXBuildFile section */

/* Begin PBXContainerItemProxy section */
		65804D522704C360001C42B3 /* PBXContainerItemProxy */ = {
			isa = PBXContainerItemProxy;
			containerPortal = 65804D332704C35E001C42B3 /* Project object */;
			proxyType = 1;
			remoteGlobalIDString = 65804D3A2704C35E001C42B3;
			remoteInfo = MarvelCharacters;
		};
		65804D5D2704C360001C42B3 /* PBXContainerItemProxy */ = {
			isa = PBXContainerItemProxy;
			containerPortal = 65804D332704C35E001C42B3 /* Project object */;
			proxyType = 1;
			remoteGlobalIDString = 65804D3A2704C35E001C42B3;
			remoteInfo = MarvelCharacters;
		};
/* End PBXContainerItemProxy section */

/* Begin PBXFileReference section */
		65804D3B2704C35E001C42B3 /* MarvelCharacters.app */ = {isa = PBXFileReference; explicitFileType = wrapper.application; includeInIndex = 0; path = MarvelCharacters.app; sourceTree = BUILT_PRODUCTS_DIR; };
		65804D3E2704C35E001C42B3 /* AppDelegate.swift */ = {isa = PBXFileReference; lastKnownFileType = sourcecode.swift; path = AppDelegate.swift; sourceTree = "<group>"; };
		65804D402704C35E001C42B3 /* SceneDelegate.swift */ = {isa = PBXFileReference; lastKnownFileType = sourcecode.swift; path = SceneDelegate.swift; sourceTree = "<group>"; };
		65804D472704C360001C42B3 /* Assets.xcassets */ = {isa = PBXFileReference; lastKnownFileType = folder.assetcatalog; path = Assets.xcassets; sourceTree = "<group>"; };
		65804D4A2704C360001C42B3 /* Base */ = {isa = PBXFileReference; lastKnownFileType = file.storyboard; name = Base; path = Base.lproj/LaunchScreen.storyboard; sourceTree = "<group>"; };
		65804D4C2704C360001C42B3 /* Info.plist */ = {isa = PBXFileReference; lastKnownFileType = text.plist.xml; path = Info.plist; sourceTree = "<group>"; };
		65804D512704C360001C42B3 /* MarvelCharactersTests.xctest */ = {isa = PBXFileReference; explicitFileType = wrapper.cfbundle; includeInIndex = 0; path = MarvelCharactersTests.xctest; sourceTree = BUILT_PRODUCTS_DIR; };
		65804D552704C360001C42B3 /* MarvelCharactersTests.swift */ = {isa = PBXFileReference; lastKnownFileType = sourcecode.swift; path = MarvelCharactersTests.swift; sourceTree = "<group>"; };
		65804D572704C360001C42B3 /* Info.plist */ = {isa = PBXFileReference; lastKnownFileType = text.plist.xml; path = Info.plist; sourceTree = "<group>"; };
		65804D5C2704C360001C42B3 /* MarvelCharactersUITests.xctest */ = {isa = PBXFileReference; explicitFileType = wrapper.cfbundle; includeInIndex = 0; path = MarvelCharactersUITests.xctest; sourceTree = BUILT_PRODUCTS_DIR; };
		65804D7A2704CB76001C42B3 /* HomeViewController.swift */ = {isa = PBXFileReference; lastKnownFileType = sourcecode.swift; path = HomeViewController.swift; sourceTree = "<group>"; };
		65804D7B2704CB76001C42B3 /* HomeViewController.xib */ = {isa = PBXFileReference; lastKnownFileType = file.xib; path = HomeViewController.xib; sourceTree = "<group>"; };
		65D70A302706085400936F9C /* HomeViewModel.swift */ = {isa = PBXFileReference; lastKnownFileType = sourcecode.swift; path = HomeViewModel.swift; sourceTree = "<group>"; };
		65D70A38270608AA00936F9C /* CharacterData.swift */ = {isa = PBXFileReference; lastKnownFileType = sourcecode.swift; path = CharacterData.swift; sourceTree = "<group>"; };
		65D70A3E2706090700936F9C /* CharacterService.swift */ = {isa = PBXFileReference; lastKnownFileType = sourcecode.swift; path = CharacterService.swift; sourceTree = "<group>"; };
		65D70A462706094D00936F9C /* MarvelApiService.swift */ = {isa = PBXFileReference; lastKnownFileType = sourcecode.swift; path = MarvelApiService.swift; sourceTree = "<group>"; };
		65D70A522706213700936F9C /* CharacterCell.swift */ = {isa = PBXFileReference; lastKnownFileType = sourcecode.swift; path = CharacterCell.swift; sourceTree = "<group>"; };
		65D70A532706213700936F9C /* CharacterCell.xib */ = {isa = PBXFileReference; lastKnownFileType = file.xib; path = CharacterCell.xib; sourceTree = "<group>"; };
/* End PBXFileReference section */

/* Begin PBXFrameworksBuildPhase section */
		65804D382704C35E001C42B3 /* Frameworks */ = {
			isa = PBXFrameworksBuildPhase;
			buildActionMask = 2147483647;
			files = (
				65D70A6127063C0400936F9C /* Kingfisher in Frameworks */,
				65D70A4D270610C600936F9C /* Alamofire in Frameworks */,
			);
			runOnlyForDeploymentPostprocessing = 0;
		};
		65804D4E2704C360001C42B3 /* Frameworks */ = {
			isa = PBXFrameworksBuildPhase;
			buildActionMask = 2147483647;
			files = (
			);
			runOnlyForDeploymentPostprocessing = 0;
		};
		65804D592704C360001C42B3 /* Frameworks */ = {
			isa = PBXFrameworksBuildPhase;
			buildActionMask = 2147483647;
			files = (
			);
			runOnlyForDeploymentPostprocessing = 0;
		};
/* End PBXFrameworksBuildPhase section */

/* Begin PBXGroup section */
		65804D322704C35E001C42B3 = {
			isa = PBXGroup;
			children = (
				65804D3D2704C35E001C42B3 /* MarvelCharacters */,
				65804D542704C360001C42B3 /* MarvelCharactersTests */,
				65804D3C2704C35E001C42B3 /* Products */,
			);
			sourceTree = "<group>";
		};
		65804D3C2704C35E001C42B3 /* Products */ = {
			isa = PBXGroup;
			children = (
				65804D3B2704C35E001C42B3 /* MarvelCharacters.app */,
				65804D512704C360001C42B3 /* MarvelCharactersTests.xctest */,
				65804D5C2704C360001C42B3 /* MarvelCharactersUITests.xctest */,
			);
			name = Products;
			sourceTree = "<group>";
		};
		65804D3D2704C35E001C42B3 /* MarvelCharacters */ = {
			isa = PBXGroup;
			children = (
				65D70A3D270608DE00936F9C /* Services */,
				65D70A2F2706081300936F9C /* Model */,
				65D70A2D270607EC00936F9C /* UseCases */,
				65804D3E2704C35E001C42B3 /* AppDelegate.swift */,
				65804D402704C35E001C42B3 /* SceneDelegate.swift */,
				65804D472704C360001C42B3 /* Assets.xcassets */,
				65804D492704C360001C42B3 /* LaunchScreen.storyboard */,
				65804D4C2704C360001C42B3 /* Info.plist */,
			);
			path = MarvelCharacters;
			sourceTree = "<group>";
		};
		65804D542704C360001C42B3 /* MarvelCharactersTests */ = {
			isa = PBXGroup;
			children = (
				65804D552704C360001C42B3 /* MarvelCharactersTests.swift */,
				65804D572704C360001C42B3 /* Info.plist */,
			);
			path = MarvelCharactersTests;
			sourceTree = "<group>";
		};
		65D70A2D270607EC00936F9C /* UseCases */ = {
			isa = PBXGroup;
			children = (
				65D70A2E2706080100936F9C /* Home */,
			);
			path = UseCases;
			sourceTree = "<group>";
		};
		65D70A2E2706080100936F9C /* Home */ = {
			isa = PBXGroup;
			children = (
				65D70A512706210800936F9C /* Cell */,
				65804D7B2704CB76001C42B3 /* HomeViewController.xib */,
				65804D7A2704CB76001C42B3 /* HomeViewController.swift */,
				65D70A302706085400936F9C /* HomeViewModel.swift */,
			);
			path = Home;
			sourceTree = "<group>";
		};
		65D70A2F2706081300936F9C /* Model */ = {
			isa = PBXGroup;
			children = (
				65D70A38270608AA00936F9C /* CharacterData.swift */,
			);
			path = Model;
			sourceTree = "<group>";
		};
		65D70A3D270608DE00936F9C /* Services */ = {
			isa = PBXGroup;
			children = (
				65D70A3E2706090700936F9C /* CharacterService.swift */,
				65D70A462706094D00936F9C /* MarvelApiService.swift */,
			);
			path = Services;
			sourceTree = "<group>";
		};
		65D70A512706210800936F9C /* Cell */ = {
			isa = PBXGroup;
			children = (
				65D70A532706213700936F9C /* CharacterCell.xib */,
				65D70A522706213700936F9C /* CharacterCell.swift */,
			);
			path = Cell;
			sourceTree = "<group>";
		};
/* End PBXGroup section */

/* Begin PBXNativeTarget section */
		65804D3A2704C35E001C42B3 /* MarvelCharacters */ = {
			isa = PBXNativeTarget;
			buildConfigurationList = 65804D652704C360001C42B3 /* Build configuration list for PBXNativeTarget "MarvelCharacters" */;
			buildPhases = (
				65804D372704C35E001C42B3 /* Sources */,
				65804D382704C35E001C42B3 /* Frameworks */,
				65804D392704C35E001C42B3 /* Resources */,
			);
			buildRules = (
			);
			dependencies = (
			);
			name = MarvelCharacters;
			packageProductDependencies = (
				65D70A4C270610C600936F9C /* Alamofire */,
				65D70A6027063C0400936F9C /* Kingfisher */,
			);
			productName = MarvelCharacters;
			productReference = 65804D3B2704C35E001C42B3 /* MarvelCharacters.app */;
			productType = "com.apple.product-type.application";
		};
		65804D502704C360001C42B3 /* MarvelCharactersTests */ = {
			isa = PBXNativeTarget;
			buildConfigurationList = 65804D682704C360001C42B3 /* Build configuration list for PBXNativeTarget "MarvelCharactersTests" */;
			buildPhases = (
				65804D4D2704C360001C42B3 /* Sources */,
				65804D4E2704C360001C42B3 /* Frameworks */,
				65804D4F2704C360001C42B3 /* Resources */,
			);
			buildRules = (
			);
			dependencies = (
				65804D532704C360001C42B3 /* PBXTargetDependency */,
			);
			name = MarvelCharactersTests;
			productName = MarvelCharactersTests;
			productReference = 65804D512704C360001C42B3 /* MarvelCharactersTests.xctest */;
			productType = "com.apple.product-type.bundle.unit-test";
		};
		65804D5B2704C360001C42B3 /* MarvelCharactersUITests */ = {
			isa = PBXNativeTarget;
			buildConfigurationList = 65804D6B2704C360001C42B3 /* Build configuration list for PBXNativeTarget "MarvelCharactersUITests" */;
			buildPhases = (
				65804D582704C360001C42B3 /* Sources */,
				65804D592704C360001C42B3 /* Frameworks */,
				65804D5A2704C360001C42B3 /* Resources */,
			);
			buildRules = (
			);
			dependencies = (
				65804D5E2704C360001C42B3 /* PBXTargetDependency */,
			);
			name = MarvelCharactersUITests;
			productName = MarvelCharactersUITests;
			productReference = 65804D5C2704C360001C42B3 /* MarvelCharactersUITests.xctest */;
			productType = "com.apple.product-type.bundle.ui-testing";
		};
/* End PBXNativeTarget section */

/* Begin PBXProject section */
		65804D332704C35E001C42B3 /* Project object */ = {
			isa = PBXProject;
			attributes = {
				LastSwiftUpdateCheck = 1230;
				LastUpgradeCheck = 1230;
				TargetAttributes = {
					65804D3A2704C35E001C42B3 = {
						CreatedOnToolsVersion = 12.3;
					};
					65804D502704C360001C42B3 = {
						CreatedOnToolsVersion = 12.3;
						TestTargetID = 65804D3A2704C35E001C42B3;
					};
					65804D5B2704C360001C42B3 = {
						CreatedOnToolsVersion = 12.3;
						TestTargetID = 65804D3A2704C35E001C42B3;
					};
				};
			};
			buildConfigurationList = 65804D362704C35E001C42B3 /* Build configuration list for PBXProject "MarvelCharacters" */;
			compatibilityVersion = "Xcode 9.3";
			developmentRegion = en;
			hasScannedForEncodings = 0;
			knownRegions = (
				en,
				Base,
			);
			mainGroup = 65804D322704C35E001C42B3;
			packageReferences = (
				65D70A4B270610C600936F9C /* XCRemoteSwiftPackageReference "Alamofire" */,
				65D70A5F27063C0300936F9C /* XCRemoteSwiftPackageReference "Kingfisher" */,
			);
			productRefGroup = 65804D3C2704C35E001C42B3 /* Products */;
			projectDirPath = "";
			projectRoot = "";
			targets = (
				65804D3A2704C35E001C42B3 /* MarvelCharacters */,
				65804D502704C360001C42B3 /* MarvelCharactersTests */,
				65804D5B2704C360001C42B3 /* MarvelCharactersUITests */,
			);
		};
/* End PBXProject section */

/* Begin PBXResourcesBuildPhase section */
		65804D392704C35E001C42B3 /* Resources */ = {
			isa = PBXResourcesBuildPhase;
			buildActionMask = 2147483647;
			files = (
				65804D4B2704C360001C42B3 /* LaunchScreen.storyboard in Resources */,
				65804D482704C360001C42B3 /* Assets.xcassets in Resources */,
				65804D7D2704CB76001C42B3 /* HomeViewController.xib in Resources */,
				65D70A552706213700936F9C /* CharacterCell.xib in Resources */,
			);
			runOnlyForDeploymentPostprocessing = 0;
		};
		65804D4F2704C360001C42B3 /* Resources */ = {
			isa = PBXResourcesBuildPhase;
			buildActionMask = 2147483647;
			files = (
			);
			runOnlyForDeploymentPostprocessing = 0;
		};
		65804D5A2704C360001C42B3 /* Resources */ = {
			isa = PBXResourcesBuildPhase;
			buildActionMask = 2147483647;
			files = (
			);
			runOnlyForDeploymentPostprocessing = 0;
		};
/* End PBXResourcesBuildPhase section */

/* Begin PBXSourcesBuildPhase section */
		65804D372704C35E001C42B3 /* Sources */ = {
			isa = PBXSourcesBuildPhase;
			buildActionMask = 2147483647;
			files = (
				65804D3F2704C35E001C42B3 /* AppDelegate.swift in Sources */,
				65804D412704C35E001C42B3 /* SceneDelegate.swift in Sources */,
				65D70A39270608AA00936F9C /* CharacterData.swift in Sources */,
				65D70A542706213700936F9C /* CharacterCell.swift in Sources */,
				65D70A3F2706090700936F9C /* CharacterService.swift in Sources */,
				65804D7C2704CB76001C42B3 /* HomeViewController.swift in Sources */,
				65D70A472706094D00936F9C /* MarvelApiService.swift in Sources */,
				65D70A312706085400936F9C /* HomeViewModel.swift in Sources */,
			);
			runOnlyForDeploymentPostprocessing = 0;
		};
		65804D4D2704C360001C42B3 /* Sources */ = {
			isa = PBXSourcesBuildPhase;
			buildActionMask = 2147483647;
			files = (
				65804D562704C360001C42B3 /* MarvelCharactersTests.swift in Sources */,
			);
			runOnlyForDeploymentPostprocessing = 0;
		};
		65804D582704C360001C42B3 /* Sources */ = {
			isa = PBXSourcesBuildPhase;
			buildActionMask = 2147483647;
			files = (
			);
			runOnlyForDeploymentPostprocessing = 0;
		};
/* End PBXSourcesBuildPhase section */

/* Begin PBXTargetDependency section */
		65804D532704C360001C42B3 /* PBXTargetDependency */ = {
			isa = PBXTargetDependency;
			target = 65804D3A2704C35E001C42B3 /* MarvelCharacters */;
			targetProxy = 65804D522704C360001C42B3 /* PBXContainerItemProxy */;
		};
		65804D5E2704C360001C42B3 /* PBXTargetDependency */ = {
			isa = PBXTargetDependency;
			target = 65804D3A2704C35E001C42B3 /* MarvelCharacters */;
			targetProxy = 65804D5D2704C360001C42B3 /* PBXContainerItemProxy */;
		};
/* End PBXTargetDependency section */

/* Begin PBXVariantGroup section */
		65804D492704C360001C42B3 /* LaunchScreen.storyboard */ = {
			isa = PBXVariantGroup;
			children = (
				65804D4A2704C360001C42B3 /* Base */,
			);
			name = LaunchScreen.storyboard;
			sourceTree = "<group>";
		};
/* End PBXVariantGroup section */

/* Begin XCBuildConfiguration section */
		65804D632704C360001C42B3 /* Debug */ = {
			isa = XCBuildConfiguration;
			buildSettings = {
				ALWAYS_SEARCH_USER_PATHS = NO;
				CLANG_ANALYZER_NONNULL = YES;
				CLANG_ANALYZER_NUMBER_OBJECT_CONVERSION = YES_AGGRESSIVE;
				CLANG_CXX_LANGUAGE_STANDARD = "gnu++14";
				CLANG_CXX_LIBRARY = "libc++";
				CLANG_ENABLE_MODULES = YES;
				CLANG_ENABLE_OBJC_ARC = YES;
				CLANG_ENABLE_OBJC_WEAK = YES;
				CLANG_WARN_BLOCK_CAPTURE_AUTORELEASING = YES;
				CLANG_WARN_BOOL_CONVERSION = YES;
				CLANG_WARN_COMMA = YES;
				CLANG_WARN_CONSTANT_CONVERSION = YES;
				CLANG_WARN_DEPRECATED_OBJC_IMPLEMENTATIONS = YES;
				CLANG_WARN_DIRECT_OBJC_ISA_USAGE = YES_ERROR;
				CLANG_WARN_DOCUMENTATION_COMMENTS = YES;
				CLANG_WARN_EMPTY_BODY = YES;
				CLANG_WARN_ENUM_CONVERSION = YES;
				CLANG_WARN_INFINITE_RECURSION = YES;
				CLANG_WARN_INT_CONVERSION = YES;
				CLANG_WARN_NON_LITERAL_NULL_CONVERSION = YES;
				CLANG_WARN_OBJC_IMPLICIT_RETAIN_SELF = YES;
				CLANG_WARN_OBJC_LITERAL_CONVERSION = YES;
				CLANG_WARN_OBJC_ROOT_CLASS = YES_ERROR;
				CLANG_WARN_QUOTED_INCLUDE_IN_FRAMEWORK_HEADER = YES;
				CLANG_WARN_RANGE_LOOP_ANALYSIS = YES;
				CLANG_WARN_STRICT_PROTOTYPES = YES;
				CLANG_WARN_SUSPICIOUS_MOVE = YES;
				CLANG_WARN_UNGUARDED_AVAILABILITY = YES_AGGRESSIVE;
				CLANG_WARN_UNREACHABLE_CODE = YES;
				CLANG_WARN__DUPLICATE_METHOD_MATCH = YES;
				COPY_PHASE_STRIP = NO;
				DEBUG_INFORMATION_FORMAT = dwarf;
				ENABLE_STRICT_OBJC_MSGSEND = YES;
				ENABLE_TESTABILITY = YES;
				GCC_C_LANGUAGE_STANDARD = gnu11;
				GCC_DYNAMIC_NO_PIC = NO;
				GCC_NO_COMMON_BLOCKS = YES;
				GCC_OPTIMIZATION_LEVEL = 0;
				GCC_PREPROCESSOR_DEFINITIONS = (
					"DEBUG=1",
					"$(inherited)",
				);
				GCC_WARN_64_TO_32_BIT_CONVERSION = YES;
				GCC_WARN_ABOUT_RETURN_TYPE = YES_ERROR;
				GCC_WARN_UNDECLARED_SELECTOR = YES;
				GCC_WARN_UNINITIALIZED_AUTOS = YES_AGGRESSIVE;
				GCC_WARN_UNUSED_FUNCTION = YES;
				GCC_WARN_UNUSED_VARIABLE = YES;
				IPHONEOS_DEPLOYMENT_TARGET = 14.3;
				MTL_ENABLE_DEBUG_INFO = INCLUDE_SOURCE;
				MTL_FAST_MATH = YES;
				ONLY_ACTIVE_ARCH = YES;
				SDKROOT = iphoneos;
				SWIFT_ACTIVE_COMPILATION_CONDITIONS = DEBUG;
				SWIFT_OPTIMIZATION_LEVEL = "-Onone";
			};
			name = Debug;
		};
		65804D642704C360001C42B3 /* Release */ = {
			isa = XCBuildConfiguration;
			buildSettings = {
				ALWAYS_SEARCH_USER_PATHS = NO;
				CLANG_ANALYZER_NONNULL = YES;
				CLANG_ANALYZER_NUMBER_OBJECT_CONVERSION = YES_AGGRESSIVE;
				CLANG_CXX_LANGUAGE_STANDARD = "gnu++14";
				CLANG_CXX_LIBRARY = "libc++";
				CLANG_ENABLE_MODULES = YES;
				CLANG_ENABLE_OBJC_ARC = YES;
				CLANG_ENABLE_OBJC_WEAK = YES;
				CLANG_WARN_BLOCK_CAPTURE_AUTORELEASING = YES;
				CLANG_WARN_BOOL_CONVERSION = YES;
				CLANG_WARN_COMMA = YES;
				CLANG_WARN_CONSTANT_CONVERSION = YES;
				CLANG_WARN_DEPRECATED_OBJC_IMPLEMENTATIONS = YES;
				CLANG_WARN_DIRECT_OBJC_ISA_USAGE = YES_ERROR;
				CLANG_WARN_DOCUMENTATION_COMMENTS = YES;
				CLANG_WARN_EMPTY_BODY = YES;
				CLANG_WARN_ENUM_CONVERSION = YES;
				CLANG_WARN_INFINITE_RECURSION = YES;
				CLANG_WARN_INT_CONVERSION = YES;
				CLANG_WARN_NON_LITERAL_NULL_CONVERSION = YES;
				CLANG_WARN_OBJC_IMPLICIT_RETAIN_SELF = YES;
				CLANG_WARN_OBJC_LITERAL_CONVERSION = YES;
				CLANG_WARN_OBJC_ROOT_CLASS = YES_ERROR;
				CLANG_WARN_QUOTED_INCLUDE_IN_FRAMEWORK_HEADER = YES;
				CLANG_WARN_RANGE_LOOP_ANALYSIS = YES;
				CLANG_WARN_STRICT_PROTOTYPES = YES;
				CLANG_WARN_SUSPICIOUS_MOVE = YES;
				CLANG_WARN_UNGUARDED_AVAILABILITY = YES_AGGRESSIVE;
				CLANG_WARN_UNREACHABLE_CODE = YES;
				CLANG_WARN__DUPLICATE_METHOD_MATCH = YES;
				COPY_PHASE_STRIP = NO;
				DEBUG_INFORMATION_FORMAT = "dwarf-with-dsym";
				ENABLE_NS_ASSERTIONS = NO;
				ENABLE_STRICT_OBJC_MSGSEND = YES;
				GCC_C_LANGUAGE_STANDARD = gnu11;
				GCC_NO_COMMON_BLOCKS = YES;
				GCC_WARN_64_TO_32_BIT_CONVERSION = YES;
				GCC_WARN_ABOUT_RETURN_TYPE = YES_ERROR;
				GCC_WARN_UNDECLARED_SELECTOR = YES;
				GCC_WARN_UNINITIALIZED_AUTOS = YES_AGGRESSIVE;
				GCC_WARN_UNUSED_FUNCTION = YES;
				GCC_WARN_UNUSED_VARIABLE = YES;
				IPHONEOS_DEPLOYMENT_TARGET = 14.3;
				MTL_ENABLE_DEBUG_INFO = NO;
				MTL_FAST_MATH = YES;
				SDKROOT = iphoneos;
				SWIFT_COMPILATION_MODE = wholemodule;
				SWIFT_OPTIMIZATION_LEVEL = "-O";
				VALIDATE_PRODUCT = YES;
			};
			name = Release;
		};
		65804D662704C360001C42B3 /* Debug */ = {
			isa = XCBuildConfiguration;
			buildSettings = {
				ASSETCATALOG_COMPILER_APPICON_NAME = AppIcon;
				ASSETCATALOG_COMPILER_GLOBAL_ACCENT_COLOR_NAME = AccentColor;
				CODE_SIGN_STYLE = Automatic;
				DEVELOPMENT_TEAM = NH2XD7RQWV;
				INFOPLIST_FILE = MarvelCharacters/Info.plist;
				LD_RUNPATH_SEARCH_PATHS = (
					"$(inherited)",
					"@executable_path/Frameworks",
				);
				PRODUCT_BUNDLE_IDENTIFIER = es.dan.MarvelCharacters;
				PRODUCT_NAME = "$(TARGET_NAME)";
				SWIFT_VERSION = 5.0;
				TARGETED_DEVICE_FAMILY = "1,2";
			};
			name = Debug;
		};
		65804D672704C360001C42B3 /* Release */ = {
			isa = XCBuildConfiguration;
			buildSettings = {
				ASSETCATALOG_COMPILER_APPICON_NAME = AppIcon;
				ASSETCATALOG_COMPILER_GLOBAL_ACCENT_COLOR_NAME = AccentColor;
				CODE_SIGN_STYLE = Automatic;
				DEVELOPMENT_TEAM = NH2XD7RQWV;
				INFOPLIST_FILE = MarvelCharacters/Info.plist;
				LD_RUNPATH_SEARCH_PATHS = (
					"$(inherited)",
					"@executable_path/Frameworks",
				);
				PRODUCT_BUNDLE_IDENTIFIER = es.dan.MarvelCharacters;
				PRODUCT_NAME = "$(TARGET_NAME)";
				SWIFT_VERSION = 5.0;
				TARGETED_DEVICE_FAMILY = "1,2";
			};
			name = Release;
		};
		65804D692704C360001C42B3 /* Debug */ = {
			isa = XCBuildConfiguration;
			buildSettings = {
				ALWAYS_EMBED_SWIFT_STANDARD_LIBRARIES = YES;
				BUNDLE_LOADER = "$(TEST_HOST)";
				CODE_SIGN_STYLE = Automatic;
				DEVELOPMENT_TEAM = NH2XD7RQWV;
				INFOPLIST_FILE = MarvelCharactersTests/Info.plist;
				IPHONEOS_DEPLOYMENT_TARGET = 14.3;
				LD_RUNPATH_SEARCH_PATHS = (
					"$(inherited)",
					"@executable_path/Frameworks",
					"@loader_path/Frameworks",
				);
				PRODUCT_BUNDLE_IDENTIFIER = es.dan.MarvelCharactersTests;
				PRODUCT_NAME = "$(TARGET_NAME)";
				SWIFT_VERSION = 5.0;
				TARGETED_DEVICE_FAMILY = "1,2";
				TEST_HOST = "$(BUILT_PRODUCTS_DIR)/MarvelCharacters.app/MarvelCharacters";
			};
			name = Debug;
		};
		65804D6A2704C360001C42B3 /* Release */ = {
			isa = XCBuildConfiguration;
			buildSettings = {
				ALWAYS_EMBED_SWIFT_STANDARD_LIBRARIES = YES;
				BUNDLE_LOADER = "$(TEST_HOST)";
				CODE_SIGN_STYLE = Automatic;
				DEVELOPMENT_TEAM = NH2XD7RQWV;
				INFOPLIST_FILE = MarvelCharactersTests/Info.plist;
				IPHONEOS_DEPLOYMENT_TARGET = 14.3;
				LD_RUNPATH_SEARCH_PATHS = (
					"$(inherited)",
					"@executable_path/Frameworks",
					"@loader_path/Frameworks",
				);
				PRODUCT_BUNDLE_IDENTIFIER = es.dan.MarvelCharactersTests;
				PRODUCT_NAME = "$(TARGET_NAME)";
				SWIFT_VERSION = 5.0;
				TARGETED_DEVICE_FAMILY = "1,2";
				TEST_HOST = "$(BUILT_PRODUCTS_DIR)/MarvelCharacters.app/MarvelCharacters";
			};
			name = Release;
		};
		65804D6C2704C360001C42B3 /* Debug */ = {
			isa = XCBuildConfiguration;
			buildSettings = {
				ALWAYS_EMBED_SWIFT_STANDARD_LIBRARIES = YES;
				CODE_SIGN_STYLE = Automatic;
				DEVELOPMENT_TEAM = NH2XD7RQWV;
				INFOPLIST_FILE = MarvelCharactersUITests/Info.plist;
				LD_RUNPATH_SEARCH_PATHS = (
					"$(inherited)",
					"@executable_path/Frameworks",
					"@loader_path/Frameworks",
				);
				PRODUCT_BUNDLE_IDENTIFIER = es.dan.MarvelCharactersUITests;
				PRODUCT_NAME = "$(TARGET_NAME)";
				SWIFT_VERSION = 5.0;
				TARGETED_DEVICE_FAMILY = "1,2";
				TEST_TARGET_NAME = MarvelCharacters;
			};
			name = Debug;
		};
		65804D6D2704C360001C42B3 /* Release */ = {
			isa = XCBuildConfiguration;
			buildSettings = {
				ALWAYS_EMBED_SWIFT_STANDARD_LIBRARIES = YES;
				CODE_SIGN_STYLE = Automatic;
				DEVELOPMENT_TEAM = NH2XD7RQWV;
				INFOPLIST_FILE = MarvelCharactersUITests/Info.plist;
				LD_RUNPATH_SEARCH_PATHS = (
					"$(inherited)",
					"@executable_path/Frameworks",
					"@loader_path/Frameworks",
				);
				PRODUCT_BUNDLE_IDENTIFIER = es.dan.MarvelCharactersUITests;
				PRODUCT_NAME = "$(TARGET_NAME)";
				SWIFT_VERSION = 5.0;
				TARGETED_DEVICE_FAMILY = "1,2";
				TEST_TARGET_NAME = MarvelCharacters;
			};
			name = Release;
		};
/* End XCBuildConfiguration section */

/* Begin XCConfigurationList section */
		65804D362704C35E001C42B3 /* Build configuration list for PBXProject "MarvelCharacters" */ = {
			isa = XCConfigurationList;
			buildConfigurations = (
				65804D632704C360001C42B3 /* Debug */,
				65804D642704C360001C42B3 /* Release */,
			);
			defaultConfigurationIsVisible = 0;
			defaultConfigurationName = Release;
		};
		65804D652704C360001C42B3 /* Build configuration list for PBXNativeTarget "MarvelCharacters" */ = {
			isa = XCConfigurationList;
			buildConfigurations = (
				65804D662704C360001C42B3 /* Debug */,
				65804D672704C360001C42B3 /* Release */,
			);
			defaultConfigurationIsVisible = 0;
			defaultConfigurationName = Release;
		};
		65804D682704C360001C42B3 /* Build configuration list for PBXNativeTarget "MarvelCharactersTests" */ = {
			isa = XCConfigurationList;
			buildConfigurations = (
				65804D692704C360001C42B3 /* Debug */,
				65804D6A2704C360001C42B3 /* Release */,
			);
			defaultConfigurationIsVisible = 0;
			defaultConfigurationName = Release;
		};
		65804D6B2704C360001C42B3 /* Build configuration list for PBXNativeTarget "MarvelCharactersUITests" */ = {
			isa = XCConfigurationList;
			buildConfigurations = (
				65804D6C2704C360001C42B3 /* Debug */,
				65804D6D2704C360001C42B3 /* Release */,
			);
			defaultConfigurationIsVisible = 0;
			defaultConfigurationName = Release;
		};
/* End XCConfigurationList section */

/* Begin XCRemoteSwiftPackageReference section */
		65D70A4B270610C600936F9C /* XCRemoteSwiftPackageReference "Alamofire" */ = {
			isa = XCRemoteSwiftPackageReference;
			repositoryURL = "https://github.com/Alamofire/Alamofire.git";
			requirement = {
				kind = exactVersion;
				version = 5.4.3;
			};
		};
		65D70A5F27063C0300936F9C /* XCRemoteSwiftPackageReference "Kingfisher" */ = {
			isa = XCRemoteSwiftPackageReference;
			repositoryURL = "https://github.com/onevcat/Kingfisher.git";
			requirement = {
				kind = exactVersion;
				version = 6.3.0;
			};
		};
/* End XCRemoteSwiftPackageReference section */

/* Begin XCSwiftPackageProductDependency section */
		65D70A4C270610C600936F9C /* Alamofire */ = {
			isa = XCSwiftPackageProductDependency;
			package = 65D70A4B270610C600936F9C /* XCRemoteSwiftPackageReference "Alamofire" */;
			productName = Alamofire;
		};
		65D70A6027063C0400936F9C /* Kingfisher */ = {
			isa = XCSwiftPackageProductDependency;
			package = 65D70A5F27063C0300936F9C /* XCRemoteSwiftPackageReference "Kingfisher" */;
			productName = Kingfisher;
		};
/* End XCSwiftPackageProductDependency section */
	};
	rootObject = 65804D332704C35E001C42B3 /* Project object */;
}
